
Microsoft Visual Studio Solution File, Format Version 11.00
# Visual Studio 2010
Project("{8BC9CEB8-8B4A-11D0-8D11-00A0C91BC942}") = "prevtt", "prevtt\prevtt.vcxproj", "{82AA8DF5-5498-4B80-9BE7-5287E419DFE7}"
EndProject
Project("{8BC9CEB8-8B4A-11D0-8D11-00A0C91BC942}") = "prevttm", "prevttm\prevttm.vcxproj", "{5E74B521-EB69-4C6B-B41D-31456D136A5E}"
EndProject
Project("{8BC9CEB8-8B4A-11D0-8D11-00A0C91BC942}") = "prev3d", "prev3d\prev3d.vcxproj", "{B9A05566-6DD9-4681-A3B6-AA150C0A1733}"
EndProject
Project("{8BC9CEB8-8B4A-11D0-8D11-00A0C91BC942}") = "prevtc", "prevtc\prevtc.vcxproj", "{DEC8854F-A0D1-4EDA-8FF7-6055380A230D}"
EndProject
Project("{8BC9CEB8-8B4A-11D0-8D11-00A0C91BC942}") = "pubbase", "pubbase\pubbase.vcxproj", "{09022C31-72AE-4DFF-830A-D94C79B17433}"
EndProject
Project("{8BC9CEB8-8B4A-11D0-8D11-00A0C91BC942}") = "importtdyresult", "importtdyresult\importtdyresult.vcxproj", "{6D641DBD-FA67-4D62-84B6-959EDA446B0A}"
EndProject
Project("{8BC9CEB8-8B4A-11D0-8D11-00A0C91BC942}") = "importtdyeigresult", "importtdyresult\importtdyeigresult.vcxproj", "{F0231FA6-F00C-49ED-BCF0-1DAB4D28E662}"
EndProject
Project("{8BC9CEB8-8B4A-11D0-8D11-00A0C91BC942}") = "importtdybase", "importtdybase\importtdybase.vcxproj", "{98FE1593-15EC-47FA-A438-7BCEA8658750}"
EndProject
Project("{8BC9CEB8-8B4A-11D0-8D11-00A0C91BC942}") = "importtdy2", "importtdy2\importtdy2.vcxproj", "{0D3DEC07-6984-4C9F-BE32-AEEDF4996788}"
	ProjectSection(ProjectDependencies) = postProject
		{6B1A9335-1A72-4909-BF7A-7C3CE356A66D} = {6B1A9335-1A72-4909-BF7A-7C3CE356A66D}
	EndProjectSection
EndProject
Project("{8BC9CEB8-8B4A-11D0-8D11-00A0C91BC942}") = "edcompile", "edcompile\edcompile.vcxproj", "{6B1A9335-1A72-4909-BF7A-7C3CE356A66D}"
EndProject
Project("{8BC9CEB8-8B4A-11D0-8D11-00A0C91BC942}") = "edcore", "edcore\edcore.vcxproj", "{E740C8A9-5662-41BA-8556-FA25D320955D}"
EndProject
Project("{8BC9CEB8-8B4A-11D0-8D11-00A0C91BC942}") = "prevttbase", "prevttbase\prevttbase.vcxproj", "{76EC1888-61A7-4A18-B33D-B68CA40CDE5E}"
EndProject
Project("{8BC9CEB8-8B4A-11D0-8D11-00A0C91BC942}") = "prevxy", "prevxy\PrevXY.vcxproj", "{C9CF4C60-001A-44D6-871C-B1C161C0BFC6}"
EndProject
Project("{8BC9CEB8-8B4A-11D0-8D11-00A0C91BC942}") = "mtsearchengine", "mtsearchengine\mtsearchengine.vcxproj", "{B8CDCC50-B7B2-4498-9908-294D09072E4D}"
EndProject
Global
	GlobalSection(SolutionConfigurationPlatforms) = preSolution
		Debug|Any CPU = Debug|Any CPU
		Debug|Mixed Platforms = Debug|Mixed Platforms
		Debug|Win32 = Debug|Win32
		Debug|x64 = Debug|x64
		Release|Any CPU = Release|Any CPU
		Release|Mixed Platforms = Release|Mixed Platforms
		Release|Win32 = Release|Win32
		Release|x64 = Release|x64
		Template|Any CPU = Template|Any CPU
		Template|Mixed Platforms = Template|Mixed Platforms
		Template|Win32 = Template|Win32
		Template|x64 = Template|x64
	EndGlobalSection
	GlobalSection(ProjectConfigurationPlatforms) = postSolution
		{82AA8DF5-5498-4B80-9BE7-5287E419DFE7}.Debug|Any CPU.ActiveCfg = Debug|Win32
		{82AA8DF5-5498-4B80-9BE7-5287E419DFE7}.Debug|Mixed Platforms.ActiveCfg = Debug|Win32
		{82AA8DF5-5498-4B80-9BE7-5287E419DFE7}.Debug|Mixed Platforms.Build.0 = Debug|Win32
		{82AA8DF5-5498-4B80-9BE7-5287E419DFE7}.Debug|Win32.ActiveCfg = Debug|Win32
		{82AA8DF5-5498-4B80-9BE7-5287E419DFE7}.Debug|Win32.Build.0 = Debug|Win32
		{82AA8DF5-5498-4B80-9BE7-5287E419DFE7}.Debug|x64.ActiveCfg = Debug|Win32
		{82AA8DF5-5498-4B80-9BE7-5287E419DFE7}.Release|Any CPU.ActiveCfg = Release|Win32
		{82AA8DF5-5498-4B80-9BE7-5287E419DFE7}.Release|Mixed Platforms.ActiveCfg = Release|Win32
		{82AA8DF5-5498-4B80-9BE7-5287E419DFE7}.Release|Mixed Platforms.Build.0 = Release|Win32
		{82AA8DF5-5498-4B80-9BE7-5287E419DFE7}.Release|Win32.ActiveCfg = Release|Win32
		{82AA8DF5-5498-4B80-9BE7-5287E419DFE7}.Release|Win32.Build.0 = Release|Win32
		{82AA8DF5-5498-4B80-9BE7-5287E419DFE7}.Release|x64.ActiveCfg = Release|Win32
		{82AA8DF5-5498-4B80-9BE7-5287E419DFE7}.Template|Any CPU.ActiveCfg = Release|Win32
		{82AA8DF5-5498-4B80-9BE7-5287E419DFE7}.Template|Mixed Platforms.ActiveCfg = Release|Win32
		{82AA8DF5-5498-4B80-9BE7-5287E419DFE7}.Template|Mixed Platforms.Build.0 = Release|Win32
		{82AA8DF5-5498-4B80-9BE7-5287E419DFE7}.Template|Win32.ActiveCfg = Release|Win32
		{82AA8DF5-5498-4B80-9BE7-5287E419DFE7}.Template|Win32.Build.0 = Release|Win32
		{82AA8DF5-5498-4B80-9BE7-5287E419DFE7}.Template|x64.ActiveCfg = Release|Win32
		{5E74B521-EB69-4C6B-B41D-31456D136A5E}.Debug|Any CPU.ActiveCfg = Debug|Win32
		{5E74B521-EB69-4C6B-B41D-31456D136A5E}.Debug|Mixed Platforms.ActiveCfg = Debug|Win32
		{5E74B521-EB69-4C6B-B41D-31456D136A5E}.Debug|Mixed Platforms.Build.0 = Debug|Win32
		{5E74B521-EB69-4C6B-B41D-31456D136A5E}.Debug|Win32.ActiveCfg = Debug|Win32
		{5E74B521-EB69-4C6B-B41D-31456D136A5E}.Debug|Win32.Build.0 = Debug|Win32
		{5E74B521-EB69-4C6B-B41D-31456D136A5E}.Debug|x64.ActiveCfg = Debug|Win32
		{5E74B521-EB69-4C6B-B41D-31456D136A5E}.Release|Any CPU.ActiveCfg = Release|Win32
		{5E74B521-EB69-4C6B-B41D-31456D136A5E}.Release|Mixed Platforms.ActiveCfg = Release|Win32
		{5E74B521-EB69-4C6B-B41D-31456D136A5E}.Release|Mixed Platforms.Build.0 = Release|Win32
		{5E74B521-EB69-4C6B-B41D-31456D136A5E}.Release|Win32.ActiveCfg = Release|Win32
		{5E74B521-EB69-4C6B-B41D-31456D136A5E}.Release|Win32.Build.0 = Release|Win32
		{5E74B521-EB69-4C6B-B41D-31456D136A5E}.Release|x64.ActiveCfg = Release|Win32
		{5E74B521-EB69-4C6B-B41D-31456D136A5E}.Template|Any CPU.ActiveCfg = Release|Win32
		{5E74B521-EB69-4C6B-B41D-31456D136A5E}.Template|Mixed Platforms.ActiveCfg = Release|Win32
		{5E74B521-EB69-4C6B-B41D-31456D136A5E}.Template|Mixed Platforms.Build.0 = Release|Win32
		{5E74B521-EB69-4C6B-B41D-31456D136A5E}.Template|Win32.ActiveCfg = Release|Win32
		{5E74B521-EB69-4C6B-B41D-31456D136A5E}.Template|Win32.Build.0 = Release|Win32
		{5E74B521-EB69-4C6B-B41D-31456D136A5E}.Template|x64.ActiveCfg = Release|Win32
		{B9A05566-6DD9-4681-A3B6-AA150C0A1733}.Debug|Any CPU.ActiveCfg = Debug|Win32
		{B9A05566-6DD9-4681-A3B6-AA150C0A1733}.Debug|Mixed Platforms.ActiveCfg = Debug|Win32
		{B9A05566-6DD9-4681-A3B6-AA150C0A1733}.Debug|Mixed Platforms.Build.0 = Debug|Win32
		{B9A05566-6DD9-4681-A3B6-AA150C0A1733}.Debug|Win32.ActiveCfg = Debug|Win32
		{B9A05566-6DD9-4681-A3B6-AA150C0A1733}.Debug|Win32.Build.0 = Debug|Win32
		{B9A05566-6DD9-4681-A3B6-AA150C0A1733}.Debug|x64.ActiveCfg = Debug|Win32
		{B9A05566-6DD9-4681-A3B6-AA150C0A1733}.Release|Any CPU.ActiveCfg = Release|Win32
		{B9A05566-6DD9-4681-A3B6-AA150C0A1733}.Release|Mixed Platforms.ActiveCfg = Release|Win32
		{B9A05566-6DD9-4681-A3B6-AA150C0A1733}.Release|Mixed Platforms.Build.0 = Release|Win32
		{B9A05566-6DD9-4681-A3B6-AA150C0A1733}.Release|Win32.ActiveCfg = Release|Win32
		{B9A05566-6DD9-4681-A3B6-AA150C0A1733}.Release|Win32.Build.0 = Release|Win32
		{B9A05566-6DD9-4681-A3B6-AA150C0A1733}.Release|x64.ActiveCfg = Release|Win32
		{B9A05566-6DD9-4681-A3B6-AA150C0A1733}.Template|Any CPU.ActiveCfg = Release|Win32
		{B9A05566-6DD9-4681-A3B6-AA150C0A1733}.Template|Mixed Platforms.ActiveCfg = Release|Win32
		{B9A05566-6DD9-4681-A3B6-AA150C0A1733}.Template|Mixed Platforms.Build.0 = Release|Win32
		{B9A05566-6DD9-4681-A3B6-AA150C0A1733}.Template|Win32.ActiveCfg = Release|Win32
		{B9A05566-6DD9-4681-A3B6-AA150C0A1733}.Template|Win32.Build.0 = Release|Win32
		{B9A05566-6DD9-4681-A3B6-AA150C0A1733}.Template|x64.ActiveCfg = Release|Win32
		{DEC8854F-A0D1-4EDA-8FF7-6055380A230D}.Debug|Any CPU.ActiveCfg = Debug|Win32
		{DEC8854F-A0D1-4EDA-8FF7-6055380A230D}.Debug|Mixed Platforms.ActiveCfg = Debug|Win32
		{DEC8854F-A0D1-4EDA-8FF7-6055380A230D}.Debug|Mixed Platforms.Build.0 = Debug|Win32
		{DEC8854F-A0D1-4EDA-8FF7-6055380A230D}.Debug|Win32.ActiveCfg = Debug|Win32
		{DEC8854F-A0D1-4EDA-8FF7-6055380A230D}.Debug|Win32.Build.0 = Debug|Win32
		{DEC8854F-A0D1-4EDA-8FF7-6055380A230D}.Debug|x64.ActiveCfg = Debug|Win32
		{DEC8854F-A0D1-4EDA-8FF7-6055380A230D}.Release|Any CPU.ActiveCfg = Release|Win32
		{DEC8854F-A0D1-4EDA-8FF7-6055380A230D}.Release|Mixed Platforms.ActiveCfg = Release|Win32
		{DEC8854F-A0D1-4EDA-8FF7-6055380A230D}.Release|Mixed Platforms.Build.0 = Release|Win32
		{DEC8854F-A0D1-4EDA-8FF7-6055380A230D}.Release|Win32.ActiveCfg = Release|Win32
		{DEC8854F-A0D1-4EDA-8FF7-6055380A230D}.Release|Win32.Build.0 = Release|Win32
		{DEC8854F-A0D1-4EDA-8FF7-6055380A230D}.Release|x64.ActiveCfg = Release|Win32
		{DEC8854F-A0D1-4EDA-8FF7-6055380A230D}.Template|Any CPU.ActiveCfg = Release|Win32
		{DEC8854F-A0D1-4EDA-8FF7-6055380A230D}.Template|Mixed Platforms.ActiveCfg = Release|Win32
		{DEC8854F-A0D1-4EDA-8FF7-6055380A230D}.Template|Mixed Platforms.Build.0 = Release|Win32
		{DEC8854F-A0D1-4EDA-8FF7-6055380A230D}.Template|Win32.ActiveCfg = Release|Win32
		{DEC8854F-A0D1-4EDA-8FF7-6055380A230D}.Template|Win32.Build.0 = Release|Win32
		{DEC8854F-A0D1-4EDA-8FF7-6055380A230D}.Template|x64.ActiveCfg = Release|Win32
		{09022C31-72AE-4DFF-830A-D94C79B17433}.Debug|Any CPU.ActiveCfg = Debug|Win32
		{09022C31-72AE-4DFF-830A-D94C79B17433}.Debug|Mixed Platforms.ActiveCfg = Debug|Win32
		{09022C31-72AE-4DFF-830A-D94C79B17433}.Debug|Mixed Platforms.Build.0 = Debug|Win32
		{09022C31-72AE-4DFF-830A-D94C79B17433}.Debug|Win32.ActiveCfg = Debug|Win32
		{09022C31-72AE-4DFF-830A-D94C79B17433}.Debug|Win32.Build.0 = Debug|Win32
		{09022C31-72AE-4DFF-830A-D94C79B17433}.Debug|x64.ActiveCfg = Debug|Win32
		{09022C31-72AE-4DFF-830A-D94C79B17433}.Release|Any CPU.ActiveCfg = Release|Win32
		{09022C31-72AE-4DFF-830A-D94C79B17433}.Release|Mixed Platforms.ActiveCfg = Release|Win32
		{09022C31-72AE-4DFF-830A-D94C79B17433}.Release|Mixed Platforms.Build.0 = Release|Win32
		{09022C31-72AE-4DFF-830A-D94C79B17433}.Release|Win32.ActiveCfg = Release|Win32
		{09022C31-72AE-4DFF-830A-D94C79B17433}.Release|Win32.Build.0 = Release|Win32
		{09022C31-72AE-4DFF-830A-D94C79B17433}.Release|x64.ActiveCfg = Release|Win32
		{09022C31-72AE-4DFF-830A-D94C79B17433}.Template|Any CPU.ActiveCfg = Release|Win32
		{09022C31-72AE-4DFF-830A-D94C79B17433}.Template|Mixed Platforms.ActiveCfg = Release|Win32
		{09022C31-72AE-4DFF-830A-D94C79B17433}.Template|Mixed Platforms.Build.0 = Release|Win32
		{09022C31-72AE-4DFF-830A-D94C79B17433}.Template|Win32.ActiveCfg = Release|Win32
		{09022C31-72AE-4DFF-830A-D94C79B17433}.Template|Win32.Build.0 = Release|Win32
		{09022C31-72AE-4DFF-830A-D94C79B17433}.Template|x64.ActiveCfg = Release|Win32
		{6D641DBD-FA67-4D62-84B6-959EDA446B0A}.Debug|Any CPU.ActiveCfg = Debug|Win32
		{6D641DBD-FA67-4D62-84B6-959EDA446B0A}.Debug|Mixed Platforms.ActiveCfg = Debug|Win32
		{6D641DBD-FA67-4D62-84B6-959EDA446B0A}.Debug|Mixed Platforms.Build.0 = Debug|Win32
		{6D641DBD-FA67-4D62-84B6-959EDA446B0A}.Debug|Win32.ActiveCfg = Debug|Win32
		{6D641DBD-FA67-4D62-84B6-959EDA446B0A}.Debug|Win32.Build.0 = Debug|Win32
		{6D641DBD-FA67-4D62-84B6-959EDA446B0A}.Debug|x64.ActiveCfg = Debug|Win32
		{6D641DBD-FA67-4D62-84B6-959EDA446B0A}.Release|Any CPU.ActiveCfg = Release|Win32
		{6D641DBD-FA67-4D62-84B6-959EDA446B0A}.Release|Mixed Platforms.ActiveCfg = Release|Win32
		{6D641DBD-FA67-4D62-84B6-959EDA446B0A}.Release|Mixed Platforms.Build.0 = Release|Win32
		{6D641DBD-FA67-4D62-84B6-959EDA446B0A}.Release|Win32.ActiveCfg = Release|Win32
		{6D641DBD-FA67-4D62-84B6-959EDA446B0A}.Release|Win32.Build.0 = Release|Win32
		{6D641DBD-FA67-4D62-84B6-959EDA446B0A}.Release|x64.ActiveCfg = Release|Win32
		{6D641DBD-FA67-4D62-84B6-959EDA446B0A}.Template|Any CPU.ActiveCfg = Release|Win32
		{6D641DBD-FA67-4D62-84B6-959EDA446B0A}.Template|Mixed Platforms.ActiveCfg = Release|Win32
		{6D641DBD-FA67-4D62-84B6-959EDA446B0A}.Template|Mixed Platforms.Build.0 = Release|Win32
		{6D641DBD-FA67-4D62-84B6-959EDA446B0A}.Template|Win32.ActiveCfg = Release|Win32
		{6D641DBD-FA67-4D62-84B6-959EDA446B0A}.Template|Win32.Build.0 = Release|Win32
		{6D641DBD-FA67-4D62-84B6-959EDA446B0A}.Template|x64.ActiveCfg = Release|Win32
		{F0231FA6-F00C-49ED-BCF0-1DAB4D28E662}.Debug|Any CPU.ActiveCfg = Debug|Win32
		{F0231FA6-F00C-49ED-BCF0-1DAB4D28E662}.Debug|Mixed Platforms.ActiveCfg = Debug|Win32
		{F0231FA6-F00C-49ED-BCF0-1DAB4D28E662}.Debug|Mixed Platforms.Build.0 = Debug|Win32
		{F0231FA6-F00C-49ED-BCF0-1DAB4D28E662}.Debug|Win32.ActiveCfg = Debug|Win32
		{F0231FA6-F00C-49ED-BCF0-1DAB4D28E662}.Debug|Win32.Build.0 = Debug|Win32
		{F0231FA6-F00C-49ED-BCF0-1DAB4D28E662}.Debug|x64.ActiveCfg = Debug|Win32
		{F0231FA6-F00C-49ED-BCF0-1DAB4D28E662}.Release|Any CPU.ActiveCfg = Release|Win32
		{F0231FA6-F00C-49ED-BCF0-1DAB4D28E662}.Release|Mixed Platforms.ActiveCfg = Release|Win32
		{F0231FA6-F00C-49ED-BCF0-1DAB4D28E662}.Release|Mixed Platforms.Build.0 = Release|Win32
		{F0231FA6-F00C-49ED-BCF0-1DAB4D28E662}.Release|Win32.ActiveCfg = Release|Win32
		{F0231FA6-F00C-49ED-BCF0-1DAB4D28E662}.Release|Win32.Build.0 = Release|Win32
		{F0231FA6-F00C-49ED-BCF0-1DAB4D28E662}.Release|x64.ActiveCfg = Release|Win32
		{F0231FA6-F00C-49ED-BCF0-1DAB4D28E662}.Template|Any CPU.ActiveCfg = Release|Win32
		{F0231FA6-F00C-49ED-BCF0-1DAB4D28E662}.Template|Mixed Platforms.ActiveCfg = Release|Win32
		{F0231FA6-F00C-49ED-BCF0-1DAB4D28E662}.Template|Mixed Platforms.Build.0 = Release|Win32
		{F0231FA6-F00C-49ED-BCF0-1DAB4D28E662}.Template|Win32.ActiveCfg = Release|Win32
		{F0231FA6-F00C-49ED-BCF0-1DAB4D28E662}.Template|Win32.Build.0 = Release|Win32
		{F0231FA6-F00C-49ED-BCF0-1DAB4D28E662}.Template|x64.ActiveCfg = Release|Win32
		{98FE1593-15EC-47FA-A438-7BCEA8658750}.Debug|Any CPU.ActiveCfg = Debug|Win32
		{98FE1593-15EC-47FA-A438-7BCEA8658750}.Debug|Mixed Platforms.ActiveCfg = Debug|Win32
		{98FE1593-15EC-47FA-A438-7BCEA8658750}.Debug|Mixed Platforms.Build.0 = Debug|Win32
		{98FE1593-15EC-47FA-A438-7BCEA8658750}.Debug|Win32.ActiveCfg = Debug|Win32
		{98FE1593-15EC-47FA-A438-7BCEA8658750}.Debug|Win32.Build.0 = Debug|Win32
		{98FE1593-15EC-47FA-A438-7BCEA8658750}.Debug|x64.ActiveCfg = Debug|Win32
		{98FE1593-15EC-47FA-A438-7BCEA8658750}.Release|Any CPU.ActiveCfg = Release|Win32
		{98FE1593-15EC-47FA-A438-7BCEA8658750}.Release|Mixed Platforms.ActiveCfg = Release|Win32
		{98FE1593-15EC-47FA-A438-7BCEA8658750}.Release|Mixed Platforms.Build.0 = Release|Win32
		{98FE1593-15EC-47FA-A438-7BCEA8658750}.Release|Win32.ActiveCfg = Release|Win32
		{98FE1593-15EC-47FA-A438-7BCEA8658750}.Release|Win32.Build.0 = Release|Win32
		{98FE1593-15EC-47FA-A438-7BCEA8658750}.Release|x64.ActiveCfg = Release|Win32
		{98FE1593-15EC-47FA-A438-7BCEA8658750}.Template|Any CPU.ActiveCfg = Release|Win32
		{98FE1593-15EC-47FA-A438-7BCEA8658750}.Template|Mixed Platforms.ActiveCfg = Release|Win32
		{98FE1593-15EC-47FA-A438-7BCEA8658750}.Template|Mixed Platforms.Build.0 = Release|Win32
		{98FE1593-15EC-47FA-A438-7BCEA8658750}.Template|Win32.ActiveCfg = Release|Win32
		{98FE1593-15EC-47FA-A438-7BCEA8658750}.Template|Win32.Build.0 = Release|Win32
		{98FE1593-15EC-47FA-A438-7BCEA8658750}.Template|x64.ActiveCfg = Release|Win32
		{0D3DEC07-6984-4C9F-BE32-AEEDF4996788}.Debug|Any CPU.ActiveCfg = Debug|Win32
		{0D3DEC07-6984-4C9F-BE32-AEEDF4996788}.Debug|Mixed Platforms.ActiveCfg = Debug|Win32
		{0D3DEC07-6984-4C9F-BE32-AEEDF4996788}.Debug|Mixed Platforms.Build.0 = Debug|Win32
		{0D3DEC07-6984-4C9F-BE32-AEEDF4996788}.Debug|Win32.ActiveCfg = Debug|Win32
		{0D3DEC07-6984-4C9F-BE32-AEEDF4996788}.Debug|Win32.Build.0 = Debug|Win32
		{0D3DEC07-6984-4C9F-BE32-AEEDF4996788}.Debug|x64.ActiveCfg = Debug|Win32
		{0D3DEC07-6984-4C9F-BE32-AEEDF4996788}.Release|Any CPU.ActiveCfg = Release|Win32
		{0D3DEC07-6984-4C9F-BE32-AEEDF4996788}.Release|Mixed Platforms.ActiveCfg = Release|Win32
		{0D3DEC07-6984-4C9F-BE32-AEEDF4996788}.Release|Mixed Platforms.Build.0 = Release|Win32
		{0D3DEC07-6984-4C9F-BE32-AEEDF4996788}.Release|Win32.ActiveCfg = Release|Win32
		{0D3DEC07-6984-4C9F-BE32-AEEDF4996788}.Release|Win32.Build.0 = Release|Win32
		{0D3DEC07-6984-4C9F-BE32-AEEDF4996788}.Release|x64.ActiveCfg = Release|Win32
		{0D3DEC07-6984-4C9F-BE32-AEEDF4996788}.Template|Any CPU.ActiveCfg = Release|Win32
		{0D3DEC07-6984-4C9F-BE32-AEEDF4996788}.Template|Mixed Platforms.ActiveCfg = Release|Win32
		{0D3DEC07-6984-4C9F-BE32-AEEDF4996788}.Template|Mixed Platforms.Build.0 = Release|Win32
		{0D3DEC07-6984-4C9F-BE32-AEEDF4996788}.Template|Win32.ActiveCfg = Release|Win32
		{0D3DEC07-6984-4C9F-BE32-AEEDF4996788}.Template|Win32.Build.0 = Release|Win32
		{0D3DEC07-6984-4C9F-BE32-AEEDF4996788}.Template|x64.ActiveCfg = Release|Win32
		{6B1A9335-1A72-4909-BF7A-7C3CE356A66D}.Debug|Any CPU.ActiveCfg = Debug|Win32
		{6B1A9335-1A72-4909-BF7A-7C3CE356A66D}.Debug|Mixed Platforms.ActiveCfg = Debug|Win32
		{6B1A9335-1A72-4909-BF7A-7C3CE356A66D}.Debug|Mixed Platforms.Build.0 = Debug|Win32
		{6B1A9335-1A72-4909-BF7A-7C3CE356A66D}.Debug|Win32.ActiveCfg = Debug|Win32
		{6B1A9335-1A72-4909-BF7A-7C3CE356A66D}.Debug|Win32.Build.0 = Debug|Win32
		{6B1A9335-1A72-4909-BF7A-7C3CE356A66D}.Debug|x64.ActiveCfg = Debug|Win32
		{6B1A9335-1A72-4909-BF7A-7C3CE356A66D}.Release|Any CPU.ActiveCfg = Release|Win32
		{6B1A9335-1A72-4909-BF7A-7C3CE356A66D}.Release|Mixed Platforms.ActiveCfg = Release|Win32
		{6B1A9335-1A72-4909-BF7A-7C3CE356A66D}.Release|Mixed Platforms.Build.0 = Release|Win32
		{6B1A9335-1A72-4909-BF7A-7C3CE356A66D}.Release|Win32.ActiveCfg = Release|Win32
		{6B1A9335-1A72-4909-BF7A-7C3CE356A66D}.Release|Win32.Build.0 = Release|Win32
		{6B1A9335-1A72-4909-BF7A-7C3CE356A66D}.Release|x64.ActiveCfg = Release|Win32
		{6B1A9335-1A72-4909-BF7A-7C3CE356A66D}.Template|Any CPU.ActiveCfg = Release|Win32
		{6B1A9335-1A72-4909-BF7A-7C3CE356A66D}.Template|Mixed Platforms.ActiveCfg = Release|Win32
		{6B1A9335-1A72-4909-BF7A-7C3CE356A66D}.Template|Mixed Platforms.Build.0 = Release|Win32
		{6B1A9335-1A72-4909-BF7A-7C3CE356A66D}.Template|Win32.ActiveCfg = Release|Win32
		{6B1A9335-1A72-4909-BF7A-7C3CE356A66D}.Template|Win32.Build.0 = Release|Win32
		{6B1A9335-1A72-4909-BF7A-7C3CE356A66D}.Template|x64.ActiveCfg = Release|Win32
		{E740C8A9-5662-41BA-8556-FA25D320955D}.Debug|Any CPU.ActiveCfg = Debug|Win32
		{E740C8A9-5662-41BA-8556-FA25D320955D}.Debug|Mixed Platforms.ActiveCfg = Debug|Win32
		{E740C8A9-5662-41BA-8556-FA25D320955D}.Debug|Mixed Platforms.Build.0 = Debug|Win32
		{E740C8A9-5662-41BA-8556-FA25D320955D}.Debug|Win32.ActiveCfg = Debug|Win32
		{E740C8A9-5662-41BA-8556-FA25D320955D}.Debug|Win32.Build.0 = Debug|Win32
		{E740C8A9-5662-41BA-8556-FA25D320955D}.Debug|x64.ActiveCfg = Debug|Win32
		{E740C8A9-5662-41BA-8556-FA25D320955D}.Release|Any CPU.ActiveCfg = Release|Win32
		{E740C8A9-5662-41BA-8556-FA25D320955D}.Release|Mixed Platforms.ActiveCfg = Release|Win32
		{E740C8A9-5662-41BA-8556-FA25D320955D}.Release|Mixed Platforms.Build.0 = Release|Win32
		{E740C8A9-5662-41BA-8556-FA25D320955D}.Release|Win32.ActiveCfg = Release|Win32
		{E740C8A9-5662-41BA-8556-FA25D320955D}.Release|Win32.Build.0 = Release|Win32
		{E740C8A9-5662-41BA-8556-FA25D320955D}.Release|x64.ActiveCfg = Release|Win32
		{E740C8A9-5662-41BA-8556-FA25D320955D}.Template|Any CPU.ActiveCfg = Release|Win32
		{E740C8A9-5662-41BA-8556-FA25D320955D}.Template|Mixed Platforms.ActiveCfg = Release|Win32
		{E740C8A9-5662-41BA-8556-FA25D320955D}.Template|Mixed Platforms.Build.0 = Release|Win32
		{E740C8A9-5662-41BA-8556-FA25D320955D}.Template|Win32.ActiveCfg = Release|Win32
		{E740C8A9-5662-41BA-8556-FA25D320955D}.Template|Win32.Build.0 = Release|Win32
		{E740C8A9-5662-41BA-8556-FA25D320955D}.Template|x64.ActiveCfg = Release|Win32
		{76EC1888-61A7-4A18-B33D-B68CA40CDE5E}.Debug|Any CPU.ActiveCfg = Debug|Win32
		{76EC1888-61A7-4A18-B33D-B68CA40CDE5E}.Debug|Mixed Platforms.ActiveCfg = Debug|Win32
		{76EC1888-61A7-4A18-B33D-B68CA40CDE5E}.Debug|Mixed Platforms.Build.0 = Debug|Win32
		{76EC1888-61A7-4A18-B33D-B68CA40CDE5E}.Debug|Win32.ActiveCfg = Debug|Win32
		{76EC1888-61A7-4A18-B33D-B68CA40CDE5E}.Debug|Win32.Build.0 = Debug|Win32
		{76EC1888-61A7-4A18-B33D-B68CA40CDE5E}.Debug|x64.ActiveCfg = Debug|Win32
		{76EC1888-61A7-4A18-B33D-B68CA40CDE5E}.Release|Any CPU.ActiveCfg = Release|Win32
		{76EC1888-61A7-4A18-B33D-B68CA40CDE5E}.Release|Mixed Platforms.ActiveCfg = Release|Win32
		{76EC1888-61A7-4A18-B33D-B68CA40CDE5E}.Release|Mixed Platforms.Build.0 = Release|Win32
		{76EC1888-61A7-4A18-B33D-B68CA40CDE5E}.Release|Win32.ActiveCfg = Release|Win32
		{76EC1888-61A7-4A18-B33D-B68CA40CDE5E}.Release|Win32.Build.0 = Release|Win32
		{76EC1888-61A7-4A18-B33D-B68CA40CDE5E}.Release|x64.ActiveCfg = Release|Win32
		{76EC1888-61A7-4A18-B33D-B68CA40CDE5E}.Template|Any CPU.ActiveCfg = Release|Win32
		{76EC1888-61A7-4A18-B33D-B68CA40CDE5E}.Template|Mixed Platforms.ActiveCfg = Release|Win32
		{76EC1888-61A7-4A18-B33D-B68CA40CDE5E}.Template|Mixed Platforms.Build.0 = Release|Win32
		{76EC1888-61A7-4A18-B33D-B68CA40CDE5E}.Template|Win32.ActiveCfg = Release|Win32
		{76EC1888-61A7-4A18-B33D-B68CA40CDE5E}.Template|Win32.Build.0 = Release|Win32
		{76EC1888-61A7-4A18-B33D-B68CA40CDE5E}.Template|x64.ActiveCfg = Release|Win32
		{C9CF4C60-001A-44D6-871C-B1C161C0BFC6}.Debug|Any CPU.ActiveCfg = Debug|Win32
		{C9CF4C60-001A-44D6-871C-B1C161C0BFC6}.Debug|Mixed Platforms.ActiveCfg = Debug|Win32
		{C9CF4C60-001A-44D6-871C-B1C161C0BFC6}.Debug|Mixed Platforms.Build.0 = Debug|Win32
		{C9CF4C60-001A-44D6-871C-B1C161C0BFC6}.Debug|Win32.ActiveCfg = Debug|Win32
		{C9CF4C60-001A-44D6-871C-B1C161C0BFC6}.Debug|Win32.Build.0 = Debug|Win32
		{C9CF4C60-001A-44D6-871C-B1C161C0BFC6}.Debug|x64.ActiveCfg = Debug|Win32
		{C9CF4C60-001A-44D6-871C-B1C161C0BFC6}.Release|Any CPU.ActiveCfg = Release|Win32
		{C9CF4C60-001A-44D6-871C-B1C161C0BFC6}.Release|Mixed Platforms.ActiveCfg = Release|Win32
		{C9CF4C60-001A-44D6-871C-B1C161C0BFC6}.Release|Mixed Platforms.Build.0 = Release|Win32
		{C9CF4C60-001A-44D6-871C-B1C161C0BFC6}.Release|Win32.ActiveCfg = Release|Win32
		{C9CF4C60-001A-44D6-871C-B1C161C0BFC6}.Release|Win32.Build.0 = Release|Win32
		{C9CF4C60-001A-44D6-871C-B1C161C0BFC6}.Release|x64.ActiveCfg = Release|Win32
		{C9CF4C60-001A-44D6-871C-B1C161C0BFC6}.Template|Any CPU.ActiveCfg = Release|Win32
		{C9CF4C60-001A-44D6-871C-B1C161C0BFC6}.Template|Mixed Platforms.ActiveCfg = Release|Win32
		{C9CF4C60-001A-44D6-871C-B1C161C0BFC6}.Template|Mixed Platforms.Build.0 = Release|Win32
		{C9CF4C60-001A-44D6-871C-B1C161C0BFC6}.Template|Win32.ActiveCfg = Release|Win32
		{C9CF4C60-001A-44D6-871C-B1C161C0BFC6}.Template|Win32.Build.0 = Release|Win32
		{C9CF4C60-001A-44D6-871C-B1C161C0BFC6}.Template|x64.ActiveCfg = Release|Win32
		{B8CDCC50-B7B2-4498-9908-294D09072E4D}.Debug|Any CPU.ActiveCfg = Debug|Win32
		{B8CDCC50-B7B2-4498-9908-294D09072E4D}.Debug|Mixed Platforms.ActiveCfg = Debug|Win32
		{B8CDCC50-B7B2-4498-9908-294D09072E4D}.Debug|Mixed Platforms.Build.0 = Debug|Win32
		{B8CDCC50-B7B2-4498-9908-294D09072E4D}.Debug|Win32.ActiveCfg = Debug|Win32
		{B8CDCC50-B7B2-4498-9908-294D09072E4D}.Debug|Win32.Build.0 = Debug|Win32
		{B8CDCC50-B7B2-4498-9908-294D09072E4D}.Debug|x64.ActiveCfg = Debug|Win32
		{B8CDCC50-B7B2-4498-9908-294D09072E4D}.Release|Any CPU.ActiveCfg = Release|Win32
		{B8CDCC50-B7B2-4498-9908-294D09072E4D}.Release|Mixed Platforms.ActiveCfg = Release|Win32
		{B8CDCC50-B7B2-4498-9908-294D09072E4D}.Release|Mixed Platforms.Build.0 = Release|Win32
		{B8CDCC50-B7B2-4498-9908-294D09072E4D}.Release|Win32.ActiveCfg = Release|Win32
		{B8CDCC50-B7B2-4498-9908-294D09072E4D}.Release|Win32.Build.0 = Release|Win32
		{B8CDCC50-B7B2-4498-9908-294D09072E4D}.Release|x64.ActiveCfg = Release|Win32
		{B8CDCC50-B7B2-4498-9908-294D09072E4D}.Template|Any CPU.ActiveCfg = Release|Win32
		{B8CDCC50-B7B2-4498-9908-294D09072E4D}.Template|Mixed Platforms.ActiveCfg = Release|Win32
		{B8CDCC50-B7B2-4498-9908-294D09072E4D}.Template|Mixed Platforms.Build.0 = Release|Win32
		{B8CDCC50-B7B2-4498-9908-294D09072E4D}.Template|Win32.ActiveCfg = Release|Win32
		{B8CDCC50-B7B2-4498-9908-294D09072E4D}.Template|Win32.Build.0 = Release|Win32
		{B8CDCC50-B7B2-4498-9908-294D09072E4D}.Template|x64.ActiveCfg = Release|Win32
	EndGlobalSection
	GlobalSection(SolutionProperties) = preSolution
		HideSolutionNode = FALSE
	EndGlobalSection
	GlobalSection(ExtensibilityGlobals) = postSolution
		QtVersion = 4.8.4
	EndGlobalSection
EndGlobal
