
Microsoft Visual Studio Solution File, Format Version 11.00
# Visual Studio 2010
Project("{8BC9CEB8-8B4A-11D0-8D11-00A0C91BC942}") = "precore", "precore\precore.vcxproj", "{CFDEF36D-82C8-44A8-A5A4-AA071FBEB06B}"
	ProjectSection(ProjectDependencies) = postProject
		{02B24609-30B0-434F-AF56-9F82E4F6A434} = {02B24609-30B0-434F-AF56-9F82E4F6A434}
		{7B0BC224-9FD5-4E4E-9202-80E19828317D} = {7B0BC224-9FD5-4E4E-9202-80E19828317D}
		{AE21AC48-B0E8-4C88-AAAA-FF339E809931} = {AE21AC48-B0E8-4C88-AAAA-FF339E809931}
		{BA8548F6-B44D-4CFA-A1CD-4F9C75B0645A} = {BA8548F6-B44D-4CFA-A1CD-4F9C75B0645A}
	EndProjectSection
EndProject
Project("{8BC9CEB8-8B4A-11D0-8D11-00A0C91BC942}") = "main_tdypre", "main_tdypre\main_tdypre.vcxproj", "{29DCDDEA-7EB7-474D-9B09-AA3212D3DFB0}"
	ProjectSection(ProjectDependencies) = postProject
		{CFDEF36D-82C8-44A8-A5A4-AA071FBEB06B} = {CFDEF36D-82C8-44A8-A5A4-AA071FBEB06B}
	EndProjectSection
EndProject
Project("{8BC9CEB8-8B4A-11D0-8D11-00A0C91BC942}") = "prosb", "prosb\prosb.vcxproj", "{9A6B761F-B4A0-4239-B891-849A52C95AFB}"
EndProject
Project("{8BC9CEB8-8B4A-11D0-8D11-00A0C91BC942}") = "preui", "preui\preui.vcxproj", "{4E829A91-5B99-421F-993B-49A882C78D9E}"
	ProjectSection(ProjectDependencies) = postProject
		{9A6B761F-B4A0-4239-B891-849A52C95AFB} = {9A6B761F-B4A0-4239-B891-849A52C95AFB}
		{AE21AC48-B0E8-4C88-AAAA-FF339E809931} = {AE21AC48-B0E8-4C88-AAAA-FF339E809931}
		{A6827D5D-45D7-436F-90DF-BB84C2FE3EBA} = {A6827D5D-45D7-436F-90DF-BB84C2FE3EBA}
		{C9CF4C60-001A-44D6-871C-B1C161C0BFC6} = {C9CF4C60-001A-44D6-871C-B1C161C0BFC6}
		{CFDEF36D-82C8-44A8-A5A4-AA071FBEB06B} = {CFDEF36D-82C8-44A8-A5A4-AA071FBEB06B}
	EndProjectSection
EndProject
Project("{8BC9CEB8-8B4A-11D0-8D11-00A0C91BC942}") = "base", "base\base.vcxproj", "{AE21AC48-B0E8-4C88-AAAA-FF339E809931}"
	ProjectSection(ProjectDependencies) = postProject
		{7A6A9422-9BB1-43E9-B839-AEB05579CED9} = {7A6A9422-9BB1-43E9-B839-AEB05579CED9}
		{7B0BC224-9FD5-4E4E-9202-80E19828317D} = {7B0BC224-9FD5-4E4E-9202-80E19828317D}
	EndProjectSection
EndProject
Project("{8BC9CEB8-8B4A-11D0-8D11-00A0C91BC942}") = "pp_xml", "pp_xml\pp_xml.vcxproj", "{7B0BC224-9FD5-4E4E-9202-80E19828317D}"
EndProject
Project("{8BC9CEB8-8B4A-11D0-8D11-00A0C91BC942}") = "testModelTree", "testModelTree\testModelTree.vcxproj", "{ED7583A9-21B2-4FE3-86BE-179B056B66C6}"
EndProject
Project("{2150E333-8FDC-42A3-9474-1A3956D46DE8}") = "Test", "Test", "{8F609B9A-0EA7-41C4-89E4-05A9D43F166A}"
EndProject
Project("{8BC9CEB8-8B4A-11D0-8D11-00A0C91BC942}") = "coresps", "coresps\coresps.vcxproj", "{C71E7F43-BEF8-44E3-88DD-5010AF43FBD9}"
	ProjectSection(ProjectDependencies) = postProject
		{AE21AC48-B0E8-4C88-AAAA-FF339E809931} = {AE21AC48-B0E8-4C88-AAAA-FF339E809931}
	EndProjectSection
EndProject
Project("{8BC9CEB8-8B4A-11D0-8D11-00A0C91BC942}") = "pretdy", "pretdy\pretdy.vcxproj", "{02B24609-30B0-434F-AF56-9F82E4F6A434}"
EndProject
Project("{8BC9CEB8-8B4A-11D0-8D11-00A0C91BC942}") = "testTDYParameters", "testTDYParameters\testTDYParameters.vcxproj", "{FB5CDDC5-D0DE-477A-81BB-93D1B69FFE4B}"
EndProject
Project("{8BC9CEB8-8B4A-11D0-8D11-00A0C91BC942}") = "testFlappyBird", "testFlappyBird\testFlappyBird.vcxproj", "{E6A65FB4-CF81-4B75-9BB8-37B3452245E8}"
EndProject
Project("{8BC9CEB8-8B4A-11D0-8D11-00A0C91BC942}") = "testExpressionDlg", "testExpressionDlg\testExpressionDlg.vcxproj", "{CCD68536-7D1F-4B51-837E-92378B0E253C}"
EndProject
Project("{8BC9CEB8-8B4A-11D0-8D11-00A0C91BC942}") = "testDataStream", "testDataStream\testDataStream.vcxproj", "{DD0FA308-3973-4B8B-BFA6-F841936B19B2}"
EndProject
Project("{8BC9CEB8-8B4A-11D0-8D11-00A0C91BC942}") = "testMulWidget", "testMulWidget\testMulWidget.vcxproj", "{8BCB326B-1AF2-4761-A607-31DBDCCA4477}"
EndProject
Project("{8BC9CEB8-8B4A-11D0-8D11-00A0C91BC942}") = "testLog4qt", "testLog4qt\testLog4qt.vcxproj", "{C56F69CD-90BD-4210-943D-BDAC2EE71D63}"
EndProject
Project("{8BC9CEB8-8B4A-11D0-8D11-00A0C91BC942}") = "prefem", "prefem\prefem.vcxproj", "{BA8548F6-B44D-4CFA-A1CD-4F9C75B0645A}"
	ProjectSection(ProjectDependencies) = postProject
		{AE21AC48-B0E8-4C88-AAAA-FF339E809931} = {AE21AC48-B0E8-4C88-AAAA-FF339E809931}
	EndProjectSection
EndProject
Project("{8BC9CEB8-8B4A-11D0-8D11-00A0C91BC942}") = "ImportDemo", "ImportDemo\ImportDemo.vcxproj", "{E9BD5864-9595-4223-ACCC-4097DB416EDC}"
EndProject
Project("{2150E333-8FDC-42A3-9474-1A3956D46DE8}") = "Plugins", "Plugins", "{2C5280EC-BF95-4578-B31B-0BC0E0D6CE72}"
EndProject
Project("{8BC9CEB8-8B4A-11D0-8D11-00A0C91BC942}") = "exporttdy", "exporttdy\exporttdy.vcxproj", "{32F8DBD5-7B09-4EF7-A096-697D548606F8}"
EndProject
Project("{8BC9CEB8-8B4A-11D0-8D11-00A0C91BC942}") = "testModuleBase", "testModuleBase\testModuleBase.vcxproj", "{611BDA8A-6F22-46DB-9CEE-F4344521AC42}"
EndProject
Project("{8BC9CEB8-8B4A-11D0-8D11-00A0C91BC942}") = "importtdyresult", "importtdyresult\importtdyresult.vcxproj", "{6D641DBD-FA67-4D62-84B6-959EDA446B0A}"
	ProjectSection(ProjectDependencies) = postProject
		{7B0BC224-9FD5-4E4E-9202-80E19828317D} = {7B0BC224-9FD5-4E4E-9202-80E19828317D}
		{AE21AC48-B0E8-4C88-AAAA-FF339E809931} = {AE21AC48-B0E8-4C88-AAAA-FF339E809931}
		{CFDEF36D-82C8-44A8-A5A4-AA071FBEB06B} = {CFDEF36D-82C8-44A8-A5A4-AA071FBEB06B}
		{98FE1593-15EC-47FA-A438-7BCEA8658750} = {98FE1593-15EC-47FA-A438-7BCEA8658750}
		{BA8548F6-B44D-4CFA-A1CD-4F9C75B0645A} = {BA8548F6-B44D-4CFA-A1CD-4F9C75B0645A}
	EndProjectSection
EndProject
Project("{8BC9CEB8-8B4A-11D0-8D11-00A0C91BC942}") = "importtdyeigresult", "importtdyresult\importtdyeigresult.vcxproj", "{F0231FA6-F00C-49ED-BCF0-1DAB4D28E662}"
	ProjectSection(ProjectDependencies) = postProject
		{AE21AC48-B0E8-4C88-AAAA-FF339E809931} = {AE21AC48-B0E8-4C88-AAAA-FF339E809931}
		{CFDEF36D-82C8-44A8-A5A4-AA071FBEB06B} = {CFDEF36D-82C8-44A8-A5A4-AA071FBEB06B}
		{98FE1593-15EC-47FA-A438-7BCEA8658750} = {98FE1593-15EC-47FA-A438-7BCEA8658750}
		{BA8548F6-B44D-4CFA-A1CD-4F9C75B0645A} = {BA8548F6-B44D-4CFA-A1CD-4F9C75B0645A}
	EndProjectSection
EndProject
Project("{8BC9CEB8-8B4A-11D0-8D11-00A0C91BC942}") = "exsecsurf", "exsecsurf\exsecsurf.vcxproj", "{0762304E-B5D2-47EB-9662-0E84FB604CDE}"
	ProjectSection(ProjectDependencies) = postProject
		{AE21AC48-B0E8-4C88-AAAA-FF339E809931} = {AE21AC48-B0E8-4C88-AAAA-FF339E809931}
		{CFDEF36D-82C8-44A8-A5A4-AA071FBEB06B} = {CFDEF36D-82C8-44A8-A5A4-AA071FBEB06B}
		{BA8548F6-B44D-4CFA-A1CD-4F9C75B0645A} = {BA8548F6-B44D-4CFA-A1CD-4F9C75B0645A}
	EndProjectSection
EndProject
Project("{8BC9CEB8-8B4A-11D0-8D11-00A0C91BC942}") = "spsIn", "spsIn\spsIn.vcxproj", "{E3B992C3-B3BF-45D3-BCD5-FF3C088053E9}"
EndProject
Project("{8BC9CEB8-8B4A-11D0-8D11-00A0C91BC942}") = "testFlexNETdefault", "testFlexNETdefault\testFlexNETdefault.vcxproj", "{5B74A321-97F3-484B-ABDD-9EEDDC9DF423}"
EndProject
Project("{8BC9CEB8-8B4A-11D0-8D11-00A0C91BC942}") = "pp_flexnet", "pp_flexnet\pp_flexnet.vcxproj", "{7A6A9422-9BB1-43E9-B839-AEB05579CED9}"
EndProject
Project("{8BC9CEB8-8B4A-11D0-8D11-00A0C91BC942}") = "prevtc", "prevtc\prevtc.vcxproj", "{DEC8854F-A0D1-4EDA-8FF7-6055380A230D}"
	ProjectSection(ProjectDependencies) = postProject
		{09022C31-72AE-4DFF-830A-D94C79B17433} = {09022C31-72AE-4DFF-830A-D94C79B17433}
		{DBC8397B-A486-42AC-8486-3AAB2E17F3DA} = {DBC8397B-A486-42AC-8486-3AAB2E17F3DA}
		{BA8548F6-B44D-4CFA-A1CD-4F9C75B0645A} = {BA8548F6-B44D-4CFA-A1CD-4F9C75B0645A}
	EndProjectSection
EndProject
Project("{2150E333-8FDC-42A3-9474-1A3956D46DE8}") = "ViewPlugins", "ViewPlugins", "{BBFA46A3-DB9E-4F66-A9B3-5BE8B4AB9908}"
EndProject
Project("{8BC9CEB8-8B4A-11D0-8D11-00A0C91BC942}") = "testTreeViewFilter", "testTreeViewFilter\testTreeViewFilter.vcxproj", "{E86FCABA-7DD4-4690-8296-6E321EBA0A1A}"
EndProject
Project("{8BC9CEB8-8B4A-11D0-8D11-00A0C91BC942}") = "testProjectBase", "testProjectBase\testProjectBase.vcxproj", "{66F493F6-0107-42D8-A6CA-955596F8F0EF}"
EndProject
Project("{8BC9CEB8-8B4A-11D0-8D11-00A0C91BC942}") = "prevtt", "prevtt\prevtt.vcxproj", "{82AA8DF5-5498-4B80-9BE7-5287E419DFE7}"
	ProjectSection(ProjectDependencies) = postProject
		{09022C31-72AE-4DFF-830A-D94C79B17433} = {09022C31-72AE-4DFF-830A-D94C79B17433}
		{DEC8854F-A0D1-4EDA-8FF7-6055380A230D} = {DEC8854F-A0D1-4EDA-8FF7-6055380A230D}
		{CFDEF36D-82C8-44A8-A5A4-AA071FBEB06B} = {CFDEF36D-82C8-44A8-A5A4-AA071FBEB06B}
		{76EC1888-61A7-4A18-B33D-B68CA40CDE5E} = {76EC1888-61A7-4A18-B33D-B68CA40CDE5E}
	EndProjectSection
EndProject
Project("{8BC9CEB8-8B4A-11D0-8D11-00A0C91BC942}") = "viewer", "viewer\viewer.vcxproj", "{F5E3DE04-64F9-4609-95F9-FDF6D2F30CA1}"
	ProjectSection(ProjectDependencies) = postProject
		{0D3DEC07-6984-4C9F-BE32-AEEDF4996788} = {0D3DEC07-6984-4C9F-BE32-AEEDF4996788}
		{5E74B521-EB69-4C6B-B41D-31456D136A5E} = {5E74B521-EB69-4C6B-B41D-31456D136A5E}
		{DEC8854F-A0D1-4EDA-8FF7-6055380A230D} = {DEC8854F-A0D1-4EDA-8FF7-6055380A230D}
		{B9A05566-6DD9-4681-A3B6-AA150C0A1733} = {B9A05566-6DD9-4681-A3B6-AA150C0A1733}
		{4E829A91-5B99-421F-993B-49A882C78D9E} = {4E829A91-5B99-421F-993B-49A882C78D9E}
		{F0231FA6-F00C-49ED-BCF0-1DAB4D28E662} = {F0231FA6-F00C-49ED-BCF0-1DAB4D28E662}
		{6D641DBD-FA67-4D62-84B6-959EDA446B0A} = {6D641DBD-FA67-4D62-84B6-959EDA446B0A}
		{82AA8DF5-5498-4B80-9BE7-5287E419DFE7} = {82AA8DF5-5498-4B80-9BE7-5287E419DFE7}
	EndProjectSection
EndProject
Project("{8BC9CEB8-8B4A-11D0-8D11-00A0C91BC942}") = "prev3d", "prev3d\prev3d.vcxproj", "{B9A05566-6DD9-4681-A3B6-AA150C0A1733}"
	ProjectSection(ProjectDependencies) = postProject
		{58F0C61A-4669-4EEC-95F2-F955CED83C24} = {58F0C61A-4669-4EEC-95F2-F955CED83C24}
		{7A6A9422-9BB1-43E9-B839-AEB05579CED9} = {7A6A9422-9BB1-43E9-B839-AEB05579CED9}
		{7B0BC224-9FD5-4E4E-9202-80E19828317D} = {7B0BC224-9FD5-4E4E-9202-80E19828317D}
		{09022C31-72AE-4DFF-830A-D94C79B17433} = {09022C31-72AE-4DFF-830A-D94C79B17433}
		{C71E7F43-BEF8-44E3-88DD-5010AF43FBD9} = {C71E7F43-BEF8-44E3-88DD-5010AF43FBD9}
		{AE21AC48-B0E8-4C88-AAAA-FF339E809931} = {AE21AC48-B0E8-4C88-AAAA-FF339E809931}
		{CFDEF36D-82C8-44A8-A5A4-AA071FBEB06B} = {CFDEF36D-82C8-44A8-A5A4-AA071FBEB06B}
		{BA8548F6-B44D-4CFA-A1CD-4F9C75B0645A} = {BA8548F6-B44D-4CFA-A1CD-4F9C75B0645A}
	EndProjectSection
EndProject
Project("{8BC9CEB8-8B4A-11D0-8D11-00A0C91BC942}") = "prevttm", "prevttm\prevttm.vcxproj", "{5E74B521-EB69-4C6B-B41D-31456D136A5E}"
	ProjectSection(ProjectDependencies) = postProject
		{09022C31-72AE-4DFF-830A-D94C79B17433} = {09022C31-72AE-4DFF-830A-D94C79B17433}
		{AE21AC48-B0E8-4C88-AAAA-FF339E809931} = {AE21AC48-B0E8-4C88-AAAA-FF339E809931}
		{CFDEF36D-82C8-44A8-A5A4-AA071FBEB06B} = {CFDEF36D-82C8-44A8-A5A4-AA071FBEB06B}
		{76EC1888-61A7-4A18-B33D-B68CA40CDE5E} = {76EC1888-61A7-4A18-B33D-B68CA40CDE5E}
	EndProjectSection
EndProject
Project("{8BC9CEB8-8B4A-11D0-8D11-00A0C91BC942}") = "prept", "prept\prept.vcxproj", "{A6827D5D-45D7-436F-90DF-BB84C2FE3EBA}"
	ProjectSection(ProjectDependencies) = postProject
		{AE21AC48-B0E8-4C88-AAAA-FF339E809931} = {AE21AC48-B0E8-4C88-AAAA-FF339E809931}
		{B8CDCC50-B7B2-4498-9908-294D09072E4D} = {B8CDCC50-B7B2-4498-9908-294D09072E4D}
		{CFDEF36D-82C8-44A8-A5A4-AA071FBEB06B} = {CFDEF36D-82C8-44A8-A5A4-AA071FBEB06B}
	EndProjectSection
EndProject
Project("{8BC9CEB8-8B4A-11D0-8D11-00A0C91BC942}") = "prev3dcore", "prev3dcore\prev3dcore.vcxproj", "{58F0C61A-4669-4EEC-95F2-F955CED83C24}"
EndProject
Project("{8BC9CEB8-8B4A-11D0-8D11-00A0C91BC942}") = "preparameter", "preparameter\preparameter.vcxproj", "{DBC8397B-A486-42AC-8486-3AAB2E17F3DA}"
EndProject
Project("{8BC9CEB8-8B4A-11D0-8D11-00A0C91BC942}") = "testExpression", "prevtc\testExpression.vcxproj", "{DFEA4DB3-9FA1-4482-9A31-ECDE2B760784}"
EndProject
Project("{8BC9CEB8-8B4A-11D0-8D11-00A0C91BC942}") = "inslic", "inslic\inslic.vcxproj", "{29F9EF99-6430-440A-9DDF-22D7E198EBAD}"
	ProjectSection(ProjectDependencies) = postProject
		{7A6A9422-9BB1-43E9-B839-AEB05579CED9} = {7A6A9422-9BB1-43E9-B839-AEB05579CED9}
	EndProjectSection
EndProject
Project("{8BC9CEB8-8B4A-11D0-8D11-00A0C91BC942}") = "pubbase", "pubbase\pubbase.vcxproj", "{09022C31-72AE-4DFF-830A-D94C79B17433}"
EndProject
Project("{8BC9CEB8-8B4A-11D0-8D11-00A0C91BC942}") = "importtdybase", "importtdybase\importtdybase.vcxproj", "{98FE1593-15EC-47FA-A438-7BCEA8658750}"
EndProject
Project("{8BC9CEB8-8B4A-11D0-8D11-00A0C91BC942}") = "edcompile", "edcompile\edcompile.vcxproj", "{6B1A9335-1A72-4909-BF7A-7C3CE356A66D}"
EndProject
Project("{8BC9CEB8-8B4A-11D0-8D11-00A0C91BC942}") = "importtdy2", "importtdy2\importtdy2.vcxproj", "{0D3DEC07-6984-4C9F-BE32-AEEDF4996788}"
	ProjectSection(ProjectDependencies) = postProject
		{6B1A9335-1A72-4909-BF7A-7C3CE356A66D} = {6B1A9335-1A72-4909-BF7A-7C3CE356A66D}
		{CFDEF36D-82C8-44A8-A5A4-AA071FBEB06B} = {CFDEF36D-82C8-44A8-A5A4-AA071FBEB06B}
	EndProjectSection
EndProject
Project("{8BC9CEB8-8B4A-11D0-8D11-00A0C91BC942}") = "testedcompile", "testedcompile\testedcompile.vcxproj", "{B3942EC3-3D3A-4EFE-A097-187AD082B671}"
	ProjectSection(ProjectDependencies) = postProject
		{6B1A9335-1A72-4909-BF7A-7C3CE356A66D} = {6B1A9335-1A72-4909-BF7A-7C3CE356A66D}
	EndProjectSection
EndProject
Project("{8BC9CEB8-8B4A-11D0-8D11-00A0C91BC942}") = "update", "update\update.vcxproj", "{265D23B6-6F88-4D80-9D65-B7762D79C58D}"
EndProject
Project("{8BC9CEB8-8B4A-11D0-8D11-00A0C91BC942}") = "prevttbase", "prevttbase\prevttbase.vcxproj", "{76EC1888-61A7-4A18-B33D-B68CA40CDE5E}"
EndProject
Project("{8BC9CEB8-8B4A-11D0-8D11-00A0C91BC942}") = "prevxy", "prevxy\prevxy.vcxproj", "{C9CF4C60-001A-44D6-871C-B1C161C0BFC6}"
	ProjectSection(ProjectDependencies) = postProject
		{DEC8854F-A0D1-4EDA-8FF7-6055380A230D} = {DEC8854F-A0D1-4EDA-8FF7-6055380A230D}
	EndProjectSection
EndProject
Project("{8BC9CEB8-8B4A-11D0-8D11-00A0C91BC942}") = "mtsearchengine", "mtsearchengine\mtsearchengine.vcxproj", "{B8CDCC50-B7B2-4498-9908-294D09072E4D}"
	ProjectSection(ProjectDependencies) = postProject
		{AE21AC48-B0E8-4C88-AAAA-FF339E809931} = {AE21AC48-B0E8-4C88-AAAA-FF339E809931}
		{CFDEF36D-82C8-44A8-A5A4-AA071FBEB06B} = {CFDEF36D-82C8-44A8-A5A4-AA071FBEB06B}
	EndProjectSection
EndProject
Global
	GlobalSection(SolutionConfigurationPlatforms) = preSolution
		Debug|Any CPU = Debug|Any CPU
		Debug|Mixed Platforms = Debug|Mixed Platforms
		Debug|Win32 = Debug|Win32
		Debug|x64 = Debug|x64
		Release|Any CPU = Release|Any CPU
		Release|Mixed Platforms = Release|Mixed Platforms
		Release|Win32 = Release|Win32
		Release|x64 = Release|x64
		Template|Any CPU = Template|Any CPU
		Template|Mixed Platforms = Template|Mixed Platforms
		Template|Win32 = Template|Win32
		Template|x64 = Template|x64
	EndGlobalSection
	GlobalSection(ProjectConfigurationPlatforms) = postSolution
		{CFDEF36D-82C8-44A8-A5A4-AA071FBEB06B}.Debug|Any CPU.ActiveCfg = Debug|Win32
		{CFDEF36D-82C8-44A8-A5A4-AA071FBEB06B}.Debug|Mixed Platforms.ActiveCfg = Debug|Win32
		{CFDEF36D-82C8-44A8-A5A4-AA071FBEB06B}.Debug|Mixed Platforms.Build.0 = Debug|Win32
		{CFDEF36D-82C8-44A8-A5A4-AA071FBEB06B}.Debug|Win32.ActiveCfg = Debug|Win32
		{CFDEF36D-82C8-44A8-A5A4-AA071FBEB06B}.Debug|Win32.Build.0 = Debug|Win32
		{CFDEF36D-82C8-44A8-A5A4-AA071FBEB06B}.Debug|x64.ActiveCfg = Debug|Win32
		{CFDEF36D-82C8-44A8-A5A4-AA071FBEB06B}.Release|Any CPU.ActiveCfg = Release|Win32
		{CFDEF36D-82C8-44A8-A5A4-AA071FBEB06B}.Release|Mixed Platforms.ActiveCfg = Release|Win32
		{CFDEF36D-82C8-44A8-A5A4-AA071FBEB06B}.Release|Mixed Platforms.Build.0 = Release|Win32
		{CFDEF36D-82C8-44A8-A5A4-AA071FBEB06B}.Release|Win32.ActiveCfg = Release|Win32
		{CFDEF36D-82C8-44A8-A5A4-AA071FBEB06B}.Release|Win32.Build.0 = Release|Win32
		{CFDEF36D-82C8-44A8-A5A4-AA071FBEB06B}.Release|x64.ActiveCfg = Release|Win32
		{CFDEF36D-82C8-44A8-A5A4-AA071FBEB06B}.Template|Any CPU.ActiveCfg = Release|Win32
		{CFDEF36D-82C8-44A8-A5A4-AA071FBEB06B}.Template|Mixed Platforms.ActiveCfg = Release|Win32
		{CFDEF36D-82C8-44A8-A5A4-AA071FBEB06B}.Template|Mixed Platforms.Build.0 = Release|Win32
		{CFDEF36D-82C8-44A8-A5A4-AA071FBEB06B}.Template|Win32.ActiveCfg = Release|Win32
		{CFDEF36D-82C8-44A8-A5A4-AA071FBEB06B}.Template|Win32.Build.0 = Release|Win32
		{CFDEF36D-82C8-44A8-A5A4-AA071FBEB06B}.Template|x64.ActiveCfg = Release|Win32
		{29DCDDEA-7EB7-474D-9B09-AA3212D3DFB0}.Debug|Any CPU.ActiveCfg = Debug|Win32
		{29DCDDEA-7EB7-474D-9B09-AA3212D3DFB0}.Debug|Mixed Platforms.ActiveCfg = Debug|Win32
		{29DCDDEA-7EB7-474D-9B09-AA3212D3DFB0}.Debug|Mixed Platforms.Build.0 = Debug|Win32
		{29DCDDEA-7EB7-474D-9B09-AA3212D3DFB0}.Debug|Win32.ActiveCfg = Debug|Win32
		{29DCDDEA-7EB7-474D-9B09-AA3212D3DFB0}.Debug|Win32.Build.0 = Debug|Win32
		{29DCDDEA-7EB7-474D-9B09-AA3212D3DFB0}.Debug|x64.ActiveCfg = Debug|Win32
		{29DCDDEA-7EB7-474D-9B09-AA3212D3DFB0}.Release|Any CPU.ActiveCfg = Release|Win32
		{29DCDDEA-7EB7-474D-9B09-AA3212D3DFB0}.Release|Mixed Platforms.ActiveCfg = Release|Win32
		{29DCDDEA-7EB7-474D-9B09-AA3212D3DFB0}.Release|Mixed Platforms.Build.0 = Release|Win32
		{29DCDDEA-7EB7-474D-9B09-AA3212D3DFB0}.Release|Win32.ActiveCfg = Release|Win32
		{29DCDDEA-7EB7-474D-9B09-AA3212D3DFB0}.Release|Win32.Build.0 = Release|Win32
		{29DCDDEA-7EB7-474D-9B09-AA3212D3DFB0}.Release|x64.ActiveCfg = Release|Win32
		{29DCDDEA-7EB7-474D-9B09-AA3212D3DFB0}.Template|Any CPU.ActiveCfg = Release|Win32
		{29DCDDEA-7EB7-474D-9B09-AA3212D3DFB0}.Template|Mixed Platforms.ActiveCfg = Release|Win32
		{29DCDDEA-7EB7-474D-9B09-AA3212D3DFB0}.Template|Mixed Platforms.Build.0 = Release|Win32
		{29DCDDEA-7EB7-474D-9B09-AA3212D3DFB0}.Template|Win32.ActiveCfg = Release|Win32
		{29DCDDEA-7EB7-474D-9B09-AA3212D3DFB0}.Template|Win32.Build.0 = Release|Win32
		{29DCDDEA-7EB7-474D-9B09-AA3212D3DFB0}.Template|x64.ActiveCfg = Release|Win32
		{9A6B761F-B4A0-4239-B891-849A52C95AFB}.Debug|Any CPU.ActiveCfg = Debug|x64
		{9A6B761F-B4A0-4239-B891-849A52C95AFB}.Debug|Mixed Platforms.ActiveCfg = Debug|x64
		{9A6B761F-B4A0-4239-B891-849A52C95AFB}.Debug|Mixed Platforms.Build.0 = Debug|x64
		{9A6B761F-B4A0-4239-B891-849A52C95AFB}.Debug|Win32.ActiveCfg = Debug|Win32
		{9A6B761F-B4A0-4239-B891-849A52C95AFB}.Debug|Win32.Build.0 = Debug|Win32
		{9A6B761F-B4A0-4239-B891-849A52C95AFB}.Debug|x64.ActiveCfg = Debug|x64
		{9A6B761F-B4A0-4239-B891-849A52C95AFB}.Debug|x64.Build.0 = Debug|x64
		{9A6B761F-B4A0-4239-B891-849A52C95AFB}.Release|Any CPU.ActiveCfg = Release|x64
		{9A6B761F-B4A0-4239-B891-849A52C95AFB}.Release|Mixed Platforms.ActiveCfg = Release|x64
		{9A6B761F-B4A0-4239-B891-849A52C95AFB}.Release|Mixed Platforms.Build.0 = Release|x64
		{9A6B761F-B4A0-4239-B891-849A52C95AFB}.Release|Win32.ActiveCfg = Release|Win32
		{9A6B761F-B4A0-4239-B891-849A52C95AFB}.Release|Win32.Build.0 = Release|Win32
		{9A6B761F-B4A0-4239-B891-849A52C95AFB}.Release|x64.ActiveCfg = Release|x64
		{9A6B761F-B4A0-4239-B891-849A52C95AFB}.Release|x64.Build.0 = Release|x64
		{9A6B761F-B4A0-4239-B891-849A52C95AFB}.Template|Any CPU.ActiveCfg = Template|x64
		{9A6B761F-B4A0-4239-B891-849A52C95AFB}.Template|Mixed Platforms.ActiveCfg = Template|x64
		{9A6B761F-B4A0-4239-B891-849A52C95AFB}.Template|Mixed Platforms.Build.0 = Template|x64
		{9A6B761F-B4A0-4239-B891-849A52C95AFB}.Template|Win32.ActiveCfg = Template|Win32
		{9A6B761F-B4A0-4239-B891-849A52C95AFB}.Template|Win32.Build.0 = Template|Win32
		{9A6B761F-B4A0-4239-B891-849A52C95AFB}.Template|x64.ActiveCfg = Template|x64
		{9A6B761F-B4A0-4239-B891-849A52C95AFB}.Template|x64.Build.0 = Template|x64
		{4E829A91-5B99-421F-993B-49A882C78D9E}.Debug|Any CPU.ActiveCfg = Debug|Win32
		{4E829A91-5B99-421F-993B-49A882C78D9E}.Debug|Mixed Platforms.ActiveCfg = Debug|Win32
		{4E829A91-5B99-421F-993B-49A882C78D9E}.Debug|Mixed Platforms.Build.0 = Debug|Win32
		{4E829A91-5B99-421F-993B-49A882C78D9E}.Debug|Win32.ActiveCfg = Debug|Win32
		{4E829A91-5B99-421F-993B-49A882C78D9E}.Debug|Win32.Build.0 = Debug|Win32
		{4E829A91-5B99-421F-993B-49A882C78D9E}.Debug|x64.ActiveCfg = Debug|Win32
		{4E829A91-5B99-421F-993B-49A882C78D9E}.Release|Any CPU.ActiveCfg = Release|Win32
		{4E829A91-5B99-421F-993B-49A882C78D9E}.Release|Mixed Platforms.ActiveCfg = Release|Win32
		{4E829A91-5B99-421F-993B-49A882C78D9E}.Release|Mixed Platforms.Build.0 = Release|Win32
		{4E829A91-5B99-421F-993B-49A882C78D9E}.Release|Win32.ActiveCfg = Release|Win32
		{4E829A91-5B99-421F-993B-49A882C78D9E}.Release|Win32.Build.0 = Release|Win32
		{4E829A91-5B99-421F-993B-49A882C78D9E}.Release|x64.ActiveCfg = Release|Win32
		{4E829A91-5B99-421F-993B-49A882C78D9E}.Template|Any CPU.ActiveCfg = Release|Win32
		{4E829A91-5B99-421F-993B-49A882C78D9E}.Template|Mixed Platforms.ActiveCfg = Release|Win32
		{4E829A91-5B99-421F-993B-49A882C78D9E}.Template|Mixed Platforms.Build.0 = Release|Win32
		{4E829A91-5B99-421F-993B-49A882C78D9E}.Template|Win32.ActiveCfg = Release|Win32
		{4E829A91-5B99-421F-993B-49A882C78D9E}.Template|Win32.Build.0 = Release|Win32
		{4E829A91-5B99-421F-993B-49A882C78D9E}.Template|x64.ActiveCfg = Release|Win32
		{AE21AC48-B0E8-4C88-AAAA-FF339E809931}.Debug|Any CPU.ActiveCfg = Debug|Win32
		{AE21AC48-B0E8-4C88-AAAA-FF339E809931}.Debug|Mixed Platforms.ActiveCfg = Debug|Win32
		{AE21AC48-B0E8-4C88-AAAA-FF339E809931}.Debug|Mixed Platforms.Build.0 = Debug|Win32
		{AE21AC48-B0E8-4C88-AAAA-FF339E809931}.Debug|Win32.ActiveCfg = Debug|Win32
		{AE21AC48-B0E8-4C88-AAAA-FF339E809931}.Debug|Win32.Build.0 = Debug|Win32
		{AE21AC48-B0E8-4C88-AAAA-FF339E809931}.Debug|x64.ActiveCfg = Debug|Win32
		{AE21AC48-B0E8-4C88-AAAA-FF339E809931}.Release|Any CPU.ActiveCfg = Release|Win32
		{AE21AC48-B0E8-4C88-AAAA-FF339E809931}.Release|Mixed Platforms.ActiveCfg = Release|Win32
		{AE21AC48-B0E8-4C88-AAAA-FF339E809931}.Release|Mixed Platforms.Build.0 = Release|Win32
		{AE21AC48-B0E8-4C88-AAAA-FF339E809931}.Release|Win32.ActiveCfg = Release|Win32
		{AE21AC48-B0E8-4C88-AAAA-FF339E809931}.Release|Win32.Build.0 = Release|Win32
		{AE21AC48-B0E8-4C88-AAAA-FF339E809931}.Release|x64.ActiveCfg = Release|Win32
		{AE21AC48-B0E8-4C88-AAAA-FF339E809931}.Template|Any CPU.ActiveCfg = Release|Win32
		{AE21AC48-B0E8-4C88-AAAA-FF339E809931}.Template|Mixed Platforms.ActiveCfg = Release|Win32
		{AE21AC48-B0E8-4C88-AAAA-FF339E809931}.Template|Mixed Platforms.Build.0 = Release|Win32
		{AE21AC48-B0E8-4C88-AAAA-FF339E809931}.Template|Win32.ActiveCfg = Release|Win32
		{AE21AC48-B0E8-4C88-AAAA-FF339E809931}.Template|Win32.Build.0 = Release|Win32
		{AE21AC48-B0E8-4C88-AAAA-FF339E809931}.Template|x64.ActiveCfg = Release|Win32
		{7B0BC224-9FD5-4E4E-9202-80E19828317D}.Debug|Any CPU.ActiveCfg = Debug|x64
		{7B0BC224-9FD5-4E4E-9202-80E19828317D}.Debug|Mixed Platforms.ActiveCfg = Debug|x64
		{7B0BC224-9FD5-4E4E-9202-80E19828317D}.Debug|Mixed Platforms.Build.0 = Debug|x64
		{7B0BC224-9FD5-4E4E-9202-80E19828317D}.Debug|Win32.ActiveCfg = Debug|Win32
		{7B0BC224-9FD5-4E4E-9202-80E19828317D}.Debug|Win32.Build.0 = Debug|Win32
		{7B0BC224-9FD5-4E4E-9202-80E19828317D}.Debug|x64.ActiveCfg = Debug|x64
		{7B0BC224-9FD5-4E4E-9202-80E19828317D}.Debug|x64.Build.0 = Debug|x64
		{7B0BC224-9FD5-4E4E-9202-80E19828317D}.Release|Any CPU.ActiveCfg = Release|x64
		{7B0BC224-9FD5-4E4E-9202-80E19828317D}.Release|Mixed Platforms.ActiveCfg = Release|x64
		{7B0BC224-9FD5-4E4E-9202-80E19828317D}.Release|Mixed Platforms.Build.0 = Release|x64
		{7B0BC224-9FD5-4E4E-9202-80E19828317D}.Release|Win32.ActiveCfg = Release|Win32
		{7B0BC224-9FD5-4E4E-9202-80E19828317D}.Release|Win32.Build.0 = Release|Win32
		{7B0BC224-9FD5-4E4E-9202-80E19828317D}.Release|x64.ActiveCfg = Release|x64
		{7B0BC224-9FD5-4E4E-9202-80E19828317D}.Release|x64.Build.0 = Release|x64
		{7B0BC224-9FD5-4E4E-9202-80E19828317D}.Template|Any CPU.ActiveCfg = Release|x64
		{7B0BC224-9FD5-4E4E-9202-80E19828317D}.Template|Mixed Platforms.ActiveCfg = Release|x64
		{7B0BC224-9FD5-4E4E-9202-80E19828317D}.Template|Mixed Platforms.Build.0 = Release|x64
		{7B0BC224-9FD5-4E4E-9202-80E19828317D}.Template|Win32.ActiveCfg = Release|x64
		{7B0BC224-9FD5-4E4E-9202-80E19828317D}.Template|x64.ActiveCfg = Release|x64
		{7B0BC224-9FD5-4E4E-9202-80E19828317D}.Template|x64.Build.0 = Release|x64
		{ED7583A9-21B2-4FE3-86BE-179B056B66C6}.Debug|Any CPU.ActiveCfg = Debug|Win32
		{ED7583A9-21B2-4FE3-86BE-179B056B66C6}.Debug|Mixed Platforms.ActiveCfg = Debug|Win32
		{ED7583A9-21B2-4FE3-86BE-179B056B66C6}.Debug|Mixed Platforms.Build.0 = Debug|Win32
		{ED7583A9-21B2-4FE3-86BE-179B056B66C6}.Debug|Win32.ActiveCfg = Debug|Win32
		{ED7583A9-21B2-4FE3-86BE-179B056B66C6}.Debug|x64.ActiveCfg = Debug|Win32
		{ED7583A9-21B2-4FE3-86BE-179B056B66C6}.Release|Any CPU.ActiveCfg = Release|Win32
		{ED7583A9-21B2-4FE3-86BE-179B056B66C6}.Release|Mixed Platforms.ActiveCfg = Release|Win32
		{ED7583A9-21B2-4FE3-86BE-179B056B66C6}.Release|Mixed Platforms.Build.0 = Release|Win32
		{ED7583A9-21B2-4FE3-86BE-179B056B66C6}.Release|Win32.ActiveCfg = Release|Win32
		{ED7583A9-21B2-4FE3-86BE-179B056B66C6}.Release|Win32.Build.0 = Release|Win32
		{ED7583A9-21B2-4FE3-86BE-179B056B66C6}.Release|x64.ActiveCfg = Release|Win32
		{ED7583A9-21B2-4FE3-86BE-179B056B66C6}.Template|Any CPU.ActiveCfg = Release|Win32
		{ED7583A9-21B2-4FE3-86BE-179B056B66C6}.Template|Mixed Platforms.ActiveCfg = Release|Win32
		{ED7583A9-21B2-4FE3-86BE-179B056B66C6}.Template|Mixed Platforms.Build.0 = Release|Win32
		{ED7583A9-21B2-4FE3-86BE-179B056B66C6}.Template|Win32.ActiveCfg = Release|Win32
		{ED7583A9-21B2-4FE3-86BE-179B056B66C6}.Template|Win32.Build.0 = Release|Win32
		{ED7583A9-21B2-4FE3-86BE-179B056B66C6}.Template|x64.ActiveCfg = Release|Win32
		{C71E7F43-BEF8-44E3-88DD-5010AF43FBD9}.Debug|Any CPU.ActiveCfg = Debug|Win32
		{C71E7F43-BEF8-44E3-88DD-5010AF43FBD9}.Debug|Mixed Platforms.ActiveCfg = Debug|Win32
		{C71E7F43-BEF8-44E3-88DD-5010AF43FBD9}.Debug|Mixed Platforms.Build.0 = Debug|Win32
		{C71E7F43-BEF8-44E3-88DD-5010AF43FBD9}.Debug|Win32.ActiveCfg = Debug|Win32
		{C71E7F43-BEF8-44E3-88DD-5010AF43FBD9}.Debug|Win32.Build.0 = Debug|Win32
		{C71E7F43-BEF8-44E3-88DD-5010AF43FBD9}.Debug|x64.ActiveCfg = Debug|Win32
		{C71E7F43-BEF8-44E3-88DD-5010AF43FBD9}.Release|Any CPU.ActiveCfg = Release|Win32
		{C71E7F43-BEF8-44E3-88DD-5010AF43FBD9}.Release|Mixed Platforms.ActiveCfg = Release|Win32
		{C71E7F43-BEF8-44E3-88DD-5010AF43FBD9}.Release|Mixed Platforms.Build.0 = Release|Win32
		{C71E7F43-BEF8-44E3-88DD-5010AF43FBD9}.Release|Win32.ActiveCfg = Release|Win32
		{C71E7F43-BEF8-44E3-88DD-5010AF43FBD9}.Release|Win32.Build.0 = Release|Win32
		{C71E7F43-BEF8-44E3-88DD-5010AF43FBD9}.Release|x64.ActiveCfg = Release|Win32
		{C71E7F43-BEF8-44E3-88DD-5010AF43FBD9}.Template|Any CPU.ActiveCfg = Release|Win32
		{C71E7F43-BEF8-44E3-88DD-5010AF43FBD9}.Template|Mixed Platforms.ActiveCfg = Release|Win32
		{C71E7F43-BEF8-44E3-88DD-5010AF43FBD9}.Template|Mixed Platforms.Build.0 = Release|Win32
		{C71E7F43-BEF8-44E3-88DD-5010AF43FBD9}.Template|Win32.ActiveCfg = Release|Win32
		{C71E7F43-BEF8-44E3-88DD-5010AF43FBD9}.Template|Win32.Build.0 = Release|Win32
		{C71E7F43-BEF8-44E3-88DD-5010AF43FBD9}.Template|x64.ActiveCfg = Release|Win32
		{02B24609-30B0-434F-AF56-9F82E4F6A434}.Debug|Any CPU.ActiveCfg = Debug|Win32
		{02B24609-30B0-434F-AF56-9F82E4F6A434}.Debug|Mixed Platforms.ActiveCfg = Debug|Win32
		{02B24609-30B0-434F-AF56-9F82E4F6A434}.Debug|Mixed Platforms.Build.0 = Debug|Win32
		{02B24609-30B0-434F-AF56-9F82E4F6A434}.Debug|Win32.ActiveCfg = Debug|Win32
		{02B24609-30B0-434F-AF56-9F82E4F6A434}.Debug|Win32.Build.0 = Debug|Win32
		{02B24609-30B0-434F-AF56-9F82E4F6A434}.Debug|x64.ActiveCfg = Debug|Win32
		{02B24609-30B0-434F-AF56-9F82E4F6A434}.Release|Any CPU.ActiveCfg = Release|Win32
		{02B24609-30B0-434F-AF56-9F82E4F6A434}.Release|Mixed Platforms.ActiveCfg = Release|Win32
		{02B24609-30B0-434F-AF56-9F82E4F6A434}.Release|Mixed Platforms.Build.0 = Release|Win32
		{02B24609-30B0-434F-AF56-9F82E4F6A434}.Release|Win32.ActiveCfg = Release|Win32
		{02B24609-30B0-434F-AF56-9F82E4F6A434}.Release|Win32.Build.0 = Release|Win32
		{02B24609-30B0-434F-AF56-9F82E4F6A434}.Release|x64.ActiveCfg = Release|Win32
		{02B24609-30B0-434F-AF56-9F82E4F6A434}.Template|Any CPU.ActiveCfg = Release|Win32
		{02B24609-30B0-434F-AF56-9F82E4F6A434}.Template|Mixed Platforms.ActiveCfg = Release|Win32
		{02B24609-30B0-434F-AF56-9F82E4F6A434}.Template|Mixed Platforms.Build.0 = Release|Win32
		{02B24609-30B0-434F-AF56-9F82E4F6A434}.Template|Win32.ActiveCfg = Release|Win32
		{02B24609-30B0-434F-AF56-9F82E4F6A434}.Template|Win32.Build.0 = Release|Win32
		{02B24609-30B0-434F-AF56-9F82E4F6A434}.Template|x64.ActiveCfg = Release|Win32
		{FB5CDDC5-D0DE-477A-81BB-93D1B69FFE4B}.Debug|Any CPU.ActiveCfg = Debug|Win32
		{FB5CDDC5-D0DE-477A-81BB-93D1B69FFE4B}.Debug|Mixed Platforms.ActiveCfg = Debug|Win32
		{FB5CDDC5-D0DE-477A-81BB-93D1B69FFE4B}.Debug|Mixed Platforms.Build.0 = Debug|Win32
		{FB5CDDC5-D0DE-477A-81BB-93D1B69FFE4B}.Debug|Win32.ActiveCfg = Debug|Win32
		{FB5CDDC5-D0DE-477A-81BB-93D1B69FFE4B}.Debug|x64.ActiveCfg = Debug|Win32
		{FB5CDDC5-D0DE-477A-81BB-93D1B69FFE4B}.Release|Any CPU.ActiveCfg = Release|Win32
		{FB5CDDC5-D0DE-477A-81BB-93D1B69FFE4B}.Release|Mixed Platforms.ActiveCfg = Release|Win32
		{FB5CDDC5-D0DE-477A-81BB-93D1B69FFE4B}.Release|Mixed Platforms.Build.0 = Release|Win32
		{FB5CDDC5-D0DE-477A-81BB-93D1B69FFE4B}.Release|Win32.ActiveCfg = Release|Win32
		{FB5CDDC5-D0DE-477A-81BB-93D1B69FFE4B}.Release|Win32.Build.0 = Release|Win32
		{FB5CDDC5-D0DE-477A-81BB-93D1B69FFE4B}.Release|x64.ActiveCfg = Release|Win32
		{FB5CDDC5-D0DE-477A-81BB-93D1B69FFE4B}.Template|Any CPU.ActiveCfg = Release|Win32
		{FB5CDDC5-D0DE-477A-81BB-93D1B69FFE4B}.Template|Mixed Platforms.ActiveCfg = Release|Win32
		{FB5CDDC5-D0DE-477A-81BB-93D1B69FFE4B}.Template|Mixed Platforms.Build.0 = Release|Win32
		{FB5CDDC5-D0DE-477A-81BB-93D1B69FFE4B}.Template|Win32.ActiveCfg = Release|Win32
		{FB5CDDC5-D0DE-477A-81BB-93D1B69FFE4B}.Template|Win32.Build.0 = Release|Win32
		{FB5CDDC5-D0DE-477A-81BB-93D1B69FFE4B}.Template|x64.ActiveCfg = Release|Win32
		{E6A65FB4-CF81-4B75-9BB8-37B3452245E8}.Debug|Any CPU.ActiveCfg = Debug|Win32
		{E6A65FB4-CF81-4B75-9BB8-37B3452245E8}.Debug|Mixed Platforms.ActiveCfg = Debug|Win32
		{E6A65FB4-CF81-4B75-9BB8-37B3452245E8}.Debug|Mixed Platforms.Build.0 = Debug|Win32
		{E6A65FB4-CF81-4B75-9BB8-37B3452245E8}.Debug|Win32.ActiveCfg = Debug|Win32
		{E6A65FB4-CF81-4B75-9BB8-37B3452245E8}.Debug|x64.ActiveCfg = Debug|Win32
		{E6A65FB4-CF81-4B75-9BB8-37B3452245E8}.Release|Any CPU.ActiveCfg = Release|Win32
		{E6A65FB4-CF81-4B75-9BB8-37B3452245E8}.Release|Mixed Platforms.ActiveCfg = Release|Win32
		{E6A65FB4-CF81-4B75-9BB8-37B3452245E8}.Release|Mixed Platforms.Build.0 = Release|Win32
		{E6A65FB4-CF81-4B75-9BB8-37B3452245E8}.Release|Win32.ActiveCfg = Release|Win32
		{E6A65FB4-CF81-4B75-9BB8-37B3452245E8}.Release|Win32.Build.0 = Release|Win32
		{E6A65FB4-CF81-4B75-9BB8-37B3452245E8}.Release|x64.ActiveCfg = Release|Win32
		{E6A65FB4-CF81-4B75-9BB8-37B3452245E8}.Template|Any CPU.ActiveCfg = Release|Win32
		{E6A65FB4-CF81-4B75-9BB8-37B3452245E8}.Template|Mixed Platforms.ActiveCfg = Release|Win32
		{E6A65FB4-CF81-4B75-9BB8-37B3452245E8}.Template|Mixed Platforms.Build.0 = Release|Win32
		{E6A65FB4-CF81-4B75-9BB8-37B3452245E8}.Template|Win32.ActiveCfg = Release|Win32
		{E6A65FB4-CF81-4B75-9BB8-37B3452245E8}.Template|Win32.Build.0 = Release|Win32
		{E6A65FB4-CF81-4B75-9BB8-37B3452245E8}.Template|x64.ActiveCfg = Release|Win32
		{CCD68536-7D1F-4B51-837E-92378B0E253C}.Debug|Any CPU.ActiveCfg = Debug|Win32
		{CCD68536-7D1F-4B51-837E-92378B0E253C}.Debug|Mixed Platforms.ActiveCfg = Debug|Win32
		{CCD68536-7D1F-4B51-837E-92378B0E253C}.Debug|Mixed Platforms.Build.0 = Debug|Win32
		{CCD68536-7D1F-4B51-837E-92378B0E253C}.Debug|Win32.ActiveCfg = Debug|Win32
		{CCD68536-7D1F-4B51-837E-92378B0E253C}.Debug|x64.ActiveCfg = Debug|Win32
		{CCD68536-7D1F-4B51-837E-92378B0E253C}.Release|Any CPU.ActiveCfg = Release|Win32
		{CCD68536-7D1F-4B51-837E-92378B0E253C}.Release|Mixed Platforms.ActiveCfg = Release|Win32
		{CCD68536-7D1F-4B51-837E-92378B0E253C}.Release|Mixed Platforms.Build.0 = Release|Win32
		{CCD68536-7D1F-4B51-837E-92378B0E253C}.Release|Win32.ActiveCfg = Release|Win32
		{CCD68536-7D1F-4B51-837E-92378B0E253C}.Release|Win32.Build.0 = Release|Win32
		{CCD68536-7D1F-4B51-837E-92378B0E253C}.Release|x64.ActiveCfg = Release|Win32
		{CCD68536-7D1F-4B51-837E-92378B0E253C}.Template|Any CPU.ActiveCfg = Release|Win32
		{CCD68536-7D1F-4B51-837E-92378B0E253C}.Template|Mixed Platforms.ActiveCfg = Release|Win32
		{CCD68536-7D1F-4B51-837E-92378B0E253C}.Template|Mixed Platforms.Build.0 = Release|Win32
		{CCD68536-7D1F-4B51-837E-92378B0E253C}.Template|Win32.ActiveCfg = Release|Win32
		{CCD68536-7D1F-4B51-837E-92378B0E253C}.Template|Win32.Build.0 = Release|Win32
		{CCD68536-7D1F-4B51-837E-92378B0E253C}.Template|x64.ActiveCfg = Release|Win32
		{DD0FA308-3973-4B8B-BFA6-F841936B19B2}.Debug|Any CPU.ActiveCfg = Debug|Win32
		{DD0FA308-3973-4B8B-BFA6-F841936B19B2}.Debug|Mixed Platforms.ActiveCfg = Debug|Win32
		{DD0FA308-3973-4B8B-BFA6-F841936B19B2}.Debug|Mixed Platforms.Build.0 = Debug|Win32
		{DD0FA308-3973-4B8B-BFA6-F841936B19B2}.Debug|Win32.ActiveCfg = Debug|Win32
		{DD0FA308-3973-4B8B-BFA6-F841936B19B2}.Debug|x64.ActiveCfg = Debug|Win32
		{DD0FA308-3973-4B8B-BFA6-F841936B19B2}.Release|Any CPU.ActiveCfg = Release|Win32
		{DD0FA308-3973-4B8B-BFA6-F841936B19B2}.Release|Mixed Platforms.ActiveCfg = Release|Win32
		{DD0FA308-3973-4B8B-BFA6-F841936B19B2}.Release|Mixed Platforms.Build.0 = Release|Win32
		{DD0FA308-3973-4B8B-BFA6-F841936B19B2}.Release|Win32.ActiveCfg = Release|Win32
		{DD0FA308-3973-4B8B-BFA6-F841936B19B2}.Release|Win32.Build.0 = Release|Win32
		{DD0FA308-3973-4B8B-BFA6-F841936B19B2}.Release|x64.ActiveCfg = Release|Win32
		{DD0FA308-3973-4B8B-BFA6-F841936B19B2}.Template|Any CPU.ActiveCfg = Release|Win32
		{DD0FA308-3973-4B8B-BFA6-F841936B19B2}.Template|Mixed Platforms.ActiveCfg = Release|Win32
		{DD0FA308-3973-4B8B-BFA6-F841936B19B2}.Template|Mixed Platforms.Build.0 = Release|Win32
		{DD0FA308-3973-4B8B-BFA6-F841936B19B2}.Template|Win32.ActiveCfg = Release|Win32
		{DD0FA308-3973-4B8B-BFA6-F841936B19B2}.Template|Win32.Build.0 = Release|Win32
		{DD0FA308-3973-4B8B-BFA6-F841936B19B2}.Template|x64.ActiveCfg = Release|Win32
		{8BCB326B-1AF2-4761-A607-31DBDCCA4477}.Debug|Any CPU.ActiveCfg = Debug|Win32
		{8BCB326B-1AF2-4761-A607-31DBDCCA4477}.Debug|Mixed Platforms.ActiveCfg = Debug|Win32
		{8BCB326B-1AF2-4761-A607-31DBDCCA4477}.Debug|Mixed Platforms.Build.0 = Debug|Win32
		{8BCB326B-1AF2-4761-A607-31DBDCCA4477}.Debug|Win32.ActiveCfg = Debug|Win32
		{8BCB326B-1AF2-4761-A607-31DBDCCA4477}.Debug|x64.ActiveCfg = Debug|Win32
		{8BCB326B-1AF2-4761-A607-31DBDCCA4477}.Release|Any CPU.ActiveCfg = Release|Win32
		{8BCB326B-1AF2-4761-A607-31DBDCCA4477}.Release|Mixed Platforms.ActiveCfg = Release|Win32
		{8BCB326B-1AF2-4761-A607-31DBDCCA4477}.Release|Mixed Platforms.Build.0 = Release|Win32
		{8BCB326B-1AF2-4761-A607-31DBDCCA4477}.Release|Win32.ActiveCfg = Release|Win32
		{8BCB326B-1AF2-4761-A607-31DBDCCA4477}.Release|Win32.Build.0 = Release|Win32
		{8BCB326B-1AF2-4761-A607-31DBDCCA4477}.Release|x64.ActiveCfg = Release|Win32
		{8BCB326B-1AF2-4761-A607-31DBDCCA4477}.Template|Any CPU.ActiveCfg = Release|Win32
		{8BCB326B-1AF2-4761-A607-31DBDCCA4477}.Template|Mixed Platforms.ActiveCfg = Release|Win32
		{8BCB326B-1AF2-4761-A607-31DBDCCA4477}.Template|Mixed Platforms.Build.0 = Release|Win32
		{8BCB326B-1AF2-4761-A607-31DBDCCA4477}.Template|Win32.ActiveCfg = Release|Win32
		{8BCB326B-1AF2-4761-A607-31DBDCCA4477}.Template|Win32.Build.0 = Release|Win32
		{8BCB326B-1AF2-4761-A607-31DBDCCA4477}.Template|x64.ActiveCfg = Release|Win32
		{C56F69CD-90BD-4210-943D-BDAC2EE71D63}.Debug|Any CPU.ActiveCfg = Debug|Win32
		{C56F69CD-90BD-4210-943D-BDAC2EE71D63}.Debug|Mixed Platforms.ActiveCfg = Debug|Win32
		{C56F69CD-90BD-4210-943D-BDAC2EE71D63}.Debug|Mixed Platforms.Build.0 = Debug|Win32
		{C56F69CD-90BD-4210-943D-BDAC2EE71D63}.Debug|Win32.ActiveCfg = Debug|Win32
		{C56F69CD-90BD-4210-943D-BDAC2EE71D63}.Debug|x64.ActiveCfg = Debug|Win32
		{C56F69CD-90BD-4210-943D-BDAC2EE71D63}.Release|Any CPU.ActiveCfg = Release|Win32
		{C56F69CD-90BD-4210-943D-BDAC2EE71D63}.Release|Mixed Platforms.ActiveCfg = Release|Win32
		{C56F69CD-90BD-4210-943D-BDAC2EE71D63}.Release|Mixed Platforms.Build.0 = Release|Win32
		{C56F69CD-90BD-4210-943D-BDAC2EE71D63}.Release|Win32.ActiveCfg = Release|Win32
		{C56F69CD-90BD-4210-943D-BDAC2EE71D63}.Release|Win32.Build.0 = Release|Win32
		{C56F69CD-90BD-4210-943D-BDAC2EE71D63}.Release|x64.ActiveCfg = Release|Win32
		{C56F69CD-90BD-4210-943D-BDAC2EE71D63}.Template|Any CPU.ActiveCfg = Release|Win32
		{C56F69CD-90BD-4210-943D-BDAC2EE71D63}.Template|Mixed Platforms.ActiveCfg = Release|Win32
		{C56F69CD-90BD-4210-943D-BDAC2EE71D63}.Template|Mixed Platforms.Build.0 = Release|Win32
		{C56F69CD-90BD-4210-943D-BDAC2EE71D63}.Template|Win32.ActiveCfg = Release|Win32
		{C56F69CD-90BD-4210-943D-BDAC2EE71D63}.Template|Win32.Build.0 = Release|Win32
		{C56F69CD-90BD-4210-943D-BDAC2EE71D63}.Template|x64.ActiveCfg = Release|Win32
		{BA8548F6-B44D-4CFA-A1CD-4F9C75B0645A}.Debug|Any CPU.ActiveCfg = Debug|Win32
		{BA8548F6-B44D-4CFA-A1CD-4F9C75B0645A}.Debug|Mixed Platforms.ActiveCfg = Debug|Win32
		{BA8548F6-B44D-4CFA-A1CD-4F9C75B0645A}.Debug|Mixed Platforms.Build.0 = Debug|Win32
		{BA8548F6-B44D-4CFA-A1CD-4F9C75B0645A}.Debug|Win32.ActiveCfg = Debug|Win32
		{BA8548F6-B44D-4CFA-A1CD-4F9C75B0645A}.Debug|Win32.Build.0 = Debug|Win32
		{BA8548F6-B44D-4CFA-A1CD-4F9C75B0645A}.Debug|x64.ActiveCfg = Debug|Win32
		{BA8548F6-B44D-4CFA-A1CD-4F9C75B0645A}.Release|Any CPU.ActiveCfg = Release|Win32
		{BA8548F6-B44D-4CFA-A1CD-4F9C75B0645A}.Release|Mixed Platforms.ActiveCfg = Release|Win32
		{BA8548F6-B44D-4CFA-A1CD-4F9C75B0645A}.Release|Mixed Platforms.Build.0 = Release|Win32
		{BA8548F6-B44D-4CFA-A1CD-4F9C75B0645A}.Release|Win32.ActiveCfg = Release|Win32
		{BA8548F6-B44D-4CFA-A1CD-4F9C75B0645A}.Release|Win32.Build.0 = Release|Win32
		{BA8548F6-B44D-4CFA-A1CD-4F9C75B0645A}.Release|x64.ActiveCfg = Release|Win32
		{BA8548F6-B44D-4CFA-A1CD-4F9C75B0645A}.Template|Any CPU.ActiveCfg = Release|Win32
		{BA8548F6-B44D-4CFA-A1CD-4F9C75B0645A}.Template|Mixed Platforms.ActiveCfg = Release|Win32
		{BA8548F6-B44D-4CFA-A1CD-4F9C75B0645A}.Template|Mixed Platforms.Build.0 = Release|Win32
		{BA8548F6-B44D-4CFA-A1CD-4F9C75B0645A}.Template|Win32.ActiveCfg = Release|Win32
		{BA8548F6-B44D-4CFA-A1CD-4F9C75B0645A}.Template|Win32.Build.0 = Release|Win32
		{BA8548F6-B44D-4CFA-A1CD-4F9C75B0645A}.Template|x64.ActiveCfg = Release|Win32
		{E9BD5864-9595-4223-ACCC-4097DB416EDC}.Debug|Any CPU.ActiveCfg = Debug|Win32
		{E9BD5864-9595-4223-ACCC-4097DB416EDC}.Debug|Mixed Platforms.ActiveCfg = Debug|Win32
		{E9BD5864-9595-4223-ACCC-4097DB416EDC}.Debug|Mixed Platforms.Build.0 = Debug|Win32
		{E9BD5864-9595-4223-ACCC-4097DB416EDC}.Debug|Win32.ActiveCfg = Debug|Win32
		{E9BD5864-9595-4223-ACCC-4097DB416EDC}.Debug|Win32.Build.0 = Debug|Win32
		{E9BD5864-9595-4223-ACCC-4097DB416EDC}.Debug|x64.ActiveCfg = Debug|Win32
		{E9BD5864-9595-4223-ACCC-4097DB416EDC}.Release|Any CPU.ActiveCfg = Release|Win32
		{E9BD5864-9595-4223-ACCC-4097DB416EDC}.Release|Mixed Platforms.ActiveCfg = Release|Win32
		{E9BD5864-9595-4223-ACCC-4097DB416EDC}.Release|Mixed Platforms.Build.0 = Release|Win32
		{E9BD5864-9595-4223-ACCC-4097DB416EDC}.Release|Win32.ActiveCfg = Release|Win32
		{E9BD5864-9595-4223-ACCC-4097DB416EDC}.Release|Win32.Build.0 = Release|Win32
		{E9BD5864-9595-4223-ACCC-4097DB416EDC}.Release|x64.ActiveCfg = Release|Win32
		{E9BD5864-9595-4223-ACCC-4097DB416EDC}.Template|Any CPU.ActiveCfg = Release|Win32
		{E9BD5864-9595-4223-ACCC-4097DB416EDC}.Template|Mixed Platforms.ActiveCfg = Release|Win32
		{E9BD5864-9595-4223-ACCC-4097DB416EDC}.Template|Mixed Platforms.Build.0 = Release|Win32
		{E9BD5864-9595-4223-ACCC-4097DB416EDC}.Template|Win32.ActiveCfg = Release|Win32
		{E9BD5864-9595-4223-ACCC-4097DB416EDC}.Template|Win32.Build.0 = Release|Win32
		{E9BD5864-9595-4223-ACCC-4097DB416EDC}.Template|x64.ActiveCfg = Release|Win32
		{32F8DBD5-7B09-4EF7-A096-697D548606F8}.Debug|Any CPU.ActiveCfg = Debug|Win32
		{32F8DBD5-7B09-4EF7-A096-697D548606F8}.Debug|Mixed Platforms.ActiveCfg = Debug|Win32
		{32F8DBD5-7B09-4EF7-A096-697D548606F8}.Debug|Mixed Platforms.Build.0 = Debug|Win32
		{32F8DBD5-7B09-4EF7-A096-697D548606F8}.Debug|Win32.ActiveCfg = Debug|Win32
		{32F8DBD5-7B09-4EF7-A096-697D548606F8}.Debug|Win32.Build.0 = Debug|Win32
		{32F8DBD5-7B09-4EF7-A096-697D548606F8}.Debug|x64.ActiveCfg = Debug|Win32
		{32F8DBD5-7B09-4EF7-A096-697D548606F8}.Release|Any CPU.ActiveCfg = Release|Win32
		{32F8DBD5-7B09-4EF7-A096-697D548606F8}.Release|Mixed Platforms.ActiveCfg = Release|Win32
		{32F8DBD5-7B09-4EF7-A096-697D548606F8}.Release|Mixed Platforms.Build.0 = Release|Win32
		{32F8DBD5-7B09-4EF7-A096-697D548606F8}.Release|Win32.ActiveCfg = Release|Win32
		{32F8DBD5-7B09-4EF7-A096-697D548606F8}.Release|Win32.Build.0 = Release|Win32
		{32F8DBD5-7B09-4EF7-A096-697D548606F8}.Release|x64.ActiveCfg = Release|Win32
		{32F8DBD5-7B09-4EF7-A096-697D548606F8}.Template|Any CPU.ActiveCfg = Release|Win32
		{32F8DBD5-7B09-4EF7-A096-697D548606F8}.Template|Mixed Platforms.ActiveCfg = Release|Win32
		{32F8DBD5-7B09-4EF7-A096-697D548606F8}.Template|Mixed Platforms.Build.0 = Release|Win32
		{32F8DBD5-7B09-4EF7-A096-697D548606F8}.Template|Win32.ActiveCfg = Release|Win32
		{32F8DBD5-7B09-4EF7-A096-697D548606F8}.Template|Win32.Build.0 = Release|Win32
		{32F8DBD5-7B09-4EF7-A096-697D548606F8}.Template|x64.ActiveCfg = Release|Win32
		{611BDA8A-6F22-46DB-9CEE-F4344521AC42}.Debug|Any CPU.ActiveCfg = Debug|Win32
		{611BDA8A-6F22-46DB-9CEE-F4344521AC42}.Debug|Mixed Platforms.ActiveCfg = Debug|Win32
		{611BDA8A-6F22-46DB-9CEE-F4344521AC42}.Debug|Mixed Platforms.Build.0 = Debug|Win32
		{611BDA8A-6F22-46DB-9CEE-F4344521AC42}.Debug|Win32.ActiveCfg = Debug|Win32
		{611BDA8A-6F22-46DB-9CEE-F4344521AC42}.Debug|x64.ActiveCfg = Debug|Win32
		{611BDA8A-6F22-46DB-9CEE-F4344521AC42}.Release|Any CPU.ActiveCfg = Release|Win32
		{611BDA8A-6F22-46DB-9CEE-F4344521AC42}.Release|Mixed Platforms.ActiveCfg = Release|Win32
		{611BDA8A-6F22-46DB-9CEE-F4344521AC42}.Release|Mixed Platforms.Build.0 = Release|Win32
		{611BDA8A-6F22-46DB-9CEE-F4344521AC42}.Release|Win32.ActiveCfg = Release|Win32
		{611BDA8A-6F22-46DB-9CEE-F4344521AC42}.Release|Win32.Build.0 = Release|Win32
		{611BDA8A-6F22-46DB-9CEE-F4344521AC42}.Release|x64.ActiveCfg = Release|Win32
		{611BDA8A-6F22-46DB-9CEE-F4344521AC42}.Template|Any CPU.ActiveCfg = Release|Win32
		{611BDA8A-6F22-46DB-9CEE-F4344521AC42}.Template|Mixed Platforms.ActiveCfg = Release|Win32
		{611BDA8A-6F22-46DB-9CEE-F4344521AC42}.Template|Mixed Platforms.Build.0 = Release|Win32
		{611BDA8A-6F22-46DB-9CEE-F4344521AC42}.Template|Win32.ActiveCfg = Release|Win32
		{611BDA8A-6F22-46DB-9CEE-F4344521AC42}.Template|Win32.Build.0 = Release|Win32
		{611BDA8A-6F22-46DB-9CEE-F4344521AC42}.Template|x64.ActiveCfg = Release|Win32
		{6D641DBD-FA67-4D62-84B6-959EDA446B0A}.Debug|Any CPU.ActiveCfg = Debug|Win32
		{6D641DBD-FA67-4D62-84B6-959EDA446B0A}.Debug|Mixed Platforms.ActiveCfg = Debug|Win32
		{6D641DBD-FA67-4D62-84B6-959EDA446B0A}.Debug|Mixed Platforms.Build.0 = Debug|Win32
		{6D641DBD-FA67-4D62-84B6-959EDA446B0A}.Debug|Win32.ActiveCfg = Debug|Win32
		{6D641DBD-FA67-4D62-84B6-959EDA446B0A}.Debug|Win32.Build.0 = Debug|Win32
		{6D641DBD-FA67-4D62-84B6-959EDA446B0A}.Debug|x64.ActiveCfg = Debug|Win32
		{6D641DBD-FA67-4D62-84B6-959EDA446B0A}.Release|Any CPU.ActiveCfg = Release|Win32
		{6D641DBD-FA67-4D62-84B6-959EDA446B0A}.Release|Mixed Platforms.ActiveCfg = Release|Win32
		{6D641DBD-FA67-4D62-84B6-959EDA446B0A}.Release|Mixed Platforms.Build.0 = Release|Win32
		{6D641DBD-FA67-4D62-84B6-959EDA446B0A}.Release|Win32.ActiveCfg = Release|Win32
		{6D641DBD-FA67-4D62-84B6-959EDA446B0A}.Release|Win32.Build.0 = Release|Win32
		{6D641DBD-FA67-4D62-84B6-959EDA446B0A}.Release|x64.ActiveCfg = Release|Win32
		{6D641DBD-FA67-4D62-84B6-959EDA446B0A}.Template|Any CPU.ActiveCfg = Release|Win32
		{6D641DBD-FA67-4D62-84B6-959EDA446B0A}.Template|Mixed Platforms.ActiveCfg = Release|Win32
		{6D641DBD-FA67-4D62-84B6-959EDA446B0A}.Template|Mixed Platforms.Build.0 = Release|Win32
		{6D641DBD-FA67-4D62-84B6-959EDA446B0A}.Template|Win32.ActiveCfg = Release|Win32
		{6D641DBD-FA67-4D62-84B6-959EDA446B0A}.Template|Win32.Build.0 = Release|Win32
		{6D641DBD-FA67-4D62-84B6-959EDA446B0A}.Template|x64.ActiveCfg = Release|Win32
		{F0231FA6-F00C-49ED-BCF0-1DAB4D28E662}.Debug|Any CPU.ActiveCfg = Debug|Win32
		{F0231FA6-F00C-49ED-BCF0-1DAB4D28E662}.Debug|Mixed Platforms.ActiveCfg = Debug|Win32
		{F0231FA6-F00C-49ED-BCF0-1DAB4D28E662}.Debug|Mixed Platforms.Build.0 = Debug|Win32
		{F0231FA6-F00C-49ED-BCF0-1DAB4D28E662}.Debug|Win32.ActiveCfg = Debug|Win32
		{F0231FA6-F00C-49ED-BCF0-1DAB4D28E662}.Debug|Win32.Build.0 = Debug|Win32
		{F0231FA6-F00C-49ED-BCF0-1DAB4D28E662}.Debug|x64.ActiveCfg = Debug|Win32
		{F0231FA6-F00C-49ED-BCF0-1DAB4D28E662}.Release|Any CPU.ActiveCfg = Release|Win32
		{F0231FA6-F00C-49ED-BCF0-1DAB4D28E662}.Release|Mixed Platforms.ActiveCfg = Release|Win32
		{F0231FA6-F00C-49ED-BCF0-1DAB4D28E662}.Release|Mixed Platforms.Build.0 = Release|Win32
		{F0231FA6-F00C-49ED-BCF0-1DAB4D28E662}.Release|Win32.ActiveCfg = Release|Win32
		{F0231FA6-F00C-49ED-BCF0-1DAB4D28E662}.Release|Win32.Build.0 = Release|Win32
		{F0231FA6-F00C-49ED-BCF0-1DAB4D28E662}.Release|x64.ActiveCfg = Release|Win32
		{F0231FA6-F00C-49ED-BCF0-1DAB4D28E662}.Template|Any CPU.ActiveCfg = Release|Win32
		{F0231FA6-F00C-49ED-BCF0-1DAB4D28E662}.Template|Mixed Platforms.ActiveCfg = Release|Win32
		{F0231FA6-F00C-49ED-BCF0-1DAB4D28E662}.Template|Mixed Platforms.Build.0 = Release|Win32
		{F0231FA6-F00C-49ED-BCF0-1DAB4D28E662}.Template|Win32.ActiveCfg = Release|Win32
		{F0231FA6-F00C-49ED-BCF0-1DAB4D28E662}.Template|Win32.Build.0 = Release|Win32
		{F0231FA6-F00C-49ED-BCF0-1DAB4D28E662}.Template|x64.ActiveCfg = Release|Win32
		{0762304E-B5D2-47EB-9662-0E84FB604CDE}.Debug|Any CPU.ActiveCfg = Debug|Win32
		{0762304E-B5D2-47EB-9662-0E84FB604CDE}.Debug|Mixed Platforms.ActiveCfg = Debug|Win32
		{0762304E-B5D2-47EB-9662-0E84FB604CDE}.Debug|Mixed Platforms.Build.0 = Debug|Win32
		{0762304E-B5D2-47EB-9662-0E84FB604CDE}.Debug|Win32.ActiveCfg = Debug|Win32
		{0762304E-B5D2-47EB-9662-0E84FB604CDE}.Debug|Win32.Build.0 = Debug|Win32
		{0762304E-B5D2-47EB-9662-0E84FB604CDE}.Debug|x64.ActiveCfg = Debug|Win32
		{0762304E-B5D2-47EB-9662-0E84FB604CDE}.Release|Any CPU.ActiveCfg = Release|Win32
		{0762304E-B5D2-47EB-9662-0E84FB604CDE}.Release|Mixed Platforms.ActiveCfg = Release|Win32
		{0762304E-B5D2-47EB-9662-0E84FB604CDE}.Release|Mixed Platforms.Build.0 = Release|Win32
		{0762304E-B5D2-47EB-9662-0E84FB604CDE}.Release|Win32.ActiveCfg = Release|Win32
		{0762304E-B5D2-47EB-9662-0E84FB604CDE}.Release|Win32.Build.0 = Release|Win32
		{0762304E-B5D2-47EB-9662-0E84FB604CDE}.Release|x64.ActiveCfg = Release|Win32
		{0762304E-B5D2-47EB-9662-0E84FB604CDE}.Template|Any CPU.ActiveCfg = Release|Win32
		{0762304E-B5D2-47EB-9662-0E84FB604CDE}.Template|Mixed Platforms.ActiveCfg = Release|Win32
		{0762304E-B5D2-47EB-9662-0E84FB604CDE}.Template|Mixed Platforms.Build.0 = Release|Win32
		{0762304E-B5D2-47EB-9662-0E84FB604CDE}.Template|Win32.ActiveCfg = Release|Win32
		{0762304E-B5D2-47EB-9662-0E84FB604CDE}.Template|Win32.Build.0 = Release|Win32
		{0762304E-B5D2-47EB-9662-0E84FB604CDE}.Template|x64.ActiveCfg = Release|Win32
		{E3B992C3-B3BF-45D3-BCD5-FF3C088053E9}.Debug|Any CPU.ActiveCfg = Debug|x64
		{E3B992C3-B3BF-45D3-BCD5-FF3C088053E9}.Debug|Mixed Platforms.ActiveCfg = Debug|x64
		{E3B992C3-B3BF-45D3-BCD5-FF3C088053E9}.Debug|Mixed Platforms.Build.0 = Debug|x64
		{E3B992C3-B3BF-45D3-BCD5-FF3C088053E9}.Debug|Win32.ActiveCfg = Debug|Win32
		{E3B992C3-B3BF-45D3-BCD5-FF3C088053E9}.Debug|Win32.Build.0 = Debug|Win32
		{E3B992C3-B3BF-45D3-BCD5-FF3C088053E9}.Debug|x64.ActiveCfg = Debug|x64
		{E3B992C3-B3BF-45D3-BCD5-FF3C088053E9}.Debug|x64.Build.0 = Debug|x64
		{E3B992C3-B3BF-45D3-BCD5-FF3C088053E9}.Release|Any CPU.ActiveCfg = Release|x64
		{E3B992C3-B3BF-45D3-BCD5-FF3C088053E9}.Release|Mixed Platforms.ActiveCfg = Release|x64
		{E3B992C3-B3BF-45D3-BCD5-FF3C088053E9}.Release|Mixed Platforms.Build.0 = Release|x64
		{E3B992C3-B3BF-45D3-BCD5-FF3C088053E9}.Release|Win32.ActiveCfg = Release|Win32
		{E3B992C3-B3BF-45D3-BCD5-FF3C088053E9}.Release|Win32.Build.0 = Release|Win32
		{E3B992C3-B3BF-45D3-BCD5-FF3C088053E9}.Release|x64.ActiveCfg = Release|x64
		{E3B992C3-B3BF-45D3-BCD5-FF3C088053E9}.Release|x64.Build.0 = Release|x64
		{E3B992C3-B3BF-45D3-BCD5-FF3C088053E9}.Template|Any CPU.ActiveCfg = Release|x64
		{E3B992C3-B3BF-45D3-BCD5-FF3C088053E9}.Template|Mixed Platforms.ActiveCfg = Release|x64
		{E3B992C3-B3BF-45D3-BCD5-FF3C088053E9}.Template|Mixed Platforms.Build.0 = Release|x64
		{E3B992C3-B3BF-45D3-BCD5-FF3C088053E9}.Template|Win32.ActiveCfg = Release|x64
		{E3B992C3-B3BF-45D3-BCD5-FF3C088053E9}.Template|x64.ActiveCfg = Release|x64
		{E3B992C3-B3BF-45D3-BCD5-FF3C088053E9}.Template|x64.Build.0 = Release|x64
		{5B74A321-97F3-484B-ABDD-9EEDDC9DF423}.Debug|Any CPU.ActiveCfg = Debug|Win32
		{5B74A321-97F3-484B-ABDD-9EEDDC9DF423}.Debug|Mixed Platforms.ActiveCfg = Debug|Win32
		{5B74A321-97F3-484B-ABDD-9EEDDC9DF423}.Debug|Mixed Platforms.Build.0 = Debug|Win32
		{5B74A321-97F3-484B-ABDD-9EEDDC9DF423}.Debug|Win32.ActiveCfg = Debug|Win32
		{5B74A321-97F3-484B-ABDD-9EEDDC9DF423}.Debug|x64.ActiveCfg = Debug|Win32
		{5B74A321-97F3-484B-ABDD-9EEDDC9DF423}.Release|Any CPU.ActiveCfg = Release|Win32
		{5B74A321-97F3-484B-ABDD-9EEDDC9DF423}.Release|Mixed Platforms.ActiveCfg = Release|Win32
		{5B74A321-97F3-484B-ABDD-9EEDDC9DF423}.Release|Mixed Platforms.Build.0 = Release|Win32
		{5B74A321-97F3-484B-ABDD-9EEDDC9DF423}.Release|Win32.ActiveCfg = Release|Win32
		{5B74A321-97F3-484B-ABDD-9EEDDC9DF423}.Release|Win32.Build.0 = Release|Win32
		{5B74A321-97F3-484B-ABDD-9EEDDC9DF423}.Release|x64.ActiveCfg = Release|Win32
		{5B74A321-97F3-484B-ABDD-9EEDDC9DF423}.Template|Any CPU.ActiveCfg = Release|Win32
		{5B74A321-97F3-484B-ABDD-9EEDDC9DF423}.Template|Mixed Platforms.ActiveCfg = Release|Win32
		{5B74A321-97F3-484B-ABDD-9EEDDC9DF423}.Template|Mixed Platforms.Build.0 = Release|Win32
		{5B74A321-97F3-484B-ABDD-9EEDDC9DF423}.Template|Win32.ActiveCfg = Release|Win32
		{5B74A321-97F3-484B-ABDD-9EEDDC9DF423}.Template|Win32.Build.0 = Release|Win32
		{5B74A321-97F3-484B-ABDD-9EEDDC9DF423}.Template|x64.ActiveCfg = Release|Win32
		{7A6A9422-9BB1-43E9-B839-AEB05579CED9}.Debug|Any CPU.ActiveCfg = Debug|Win32
		{7A6A9422-9BB1-43E9-B839-AEB05579CED9}.Debug|Mixed Platforms.ActiveCfg = Debug|Win32
		{7A6A9422-9BB1-43E9-B839-AEB05579CED9}.Debug|Mixed Platforms.Build.0 = Debug|Win32
		{7A6A9422-9BB1-43E9-B839-AEB05579CED9}.Debug|Win32.ActiveCfg = Debug|Win32
		{7A6A9422-9BB1-43E9-B839-AEB05579CED9}.Debug|Win32.Build.0 = Debug|Win32
		{7A6A9422-9BB1-43E9-B839-AEB05579CED9}.Debug|x64.ActiveCfg = Debug|Win32
		{7A6A9422-9BB1-43E9-B839-AEB05579CED9}.Release|Any CPU.ActiveCfg = Release|Win32
		{7A6A9422-9BB1-43E9-B839-AEB05579CED9}.Release|Mixed Platforms.ActiveCfg = Release|Win32
		{7A6A9422-9BB1-43E9-B839-AEB05579CED9}.Release|Mixed Platforms.Build.0 = Release|Win32
		{7A6A9422-9BB1-43E9-B839-AEB05579CED9}.Release|Win32.ActiveCfg = Release|Win32
		{7A6A9422-9BB1-43E9-B839-AEB05579CED9}.Release|Win32.Build.0 = Release|Win32
		{7A6A9422-9BB1-43E9-B839-AEB05579CED9}.Release|x64.ActiveCfg = Release|Win32
		{7A6A9422-9BB1-43E9-B839-AEB05579CED9}.Template|Any CPU.ActiveCfg = Release|Win32
		{7A6A9422-9BB1-43E9-B839-AEB05579CED9}.Template|Mixed Platforms.ActiveCfg = Release|Win32
		{7A6A9422-9BB1-43E9-B839-AEB05579CED9}.Template|Mixed Platforms.Build.0 = Release|Win32
		{7A6A9422-9BB1-43E9-B839-AEB05579CED9}.Template|Win32.ActiveCfg = Release|Win32
		{7A6A9422-9BB1-43E9-B839-AEB05579CED9}.Template|Win32.Build.0 = Release|Win32
		{7A6A9422-9BB1-43E9-B839-AEB05579CED9}.Template|x64.ActiveCfg = Release|Win32
		{DEC8854F-A0D1-4EDA-8FF7-6055380A230D}.Debug|Any CPU.ActiveCfg = Debug|Win32
		{DEC8854F-A0D1-4EDA-8FF7-6055380A230D}.Debug|Mixed Platforms.ActiveCfg = Debug|Win32
		{DEC8854F-A0D1-4EDA-8FF7-6055380A230D}.Debug|Mixed Platforms.Build.0 = Debug|Win32
		{DEC8854F-A0D1-4EDA-8FF7-6055380A230D}.Debug|Win32.ActiveCfg = Debug|Win32
		{DEC8854F-A0D1-4EDA-8FF7-6055380A230D}.Debug|Win32.Build.0 = Debug|Win32
		{DEC8854F-A0D1-4EDA-8FF7-6055380A230D}.Debug|x64.ActiveCfg = Debug|Win32
		{DEC8854F-A0D1-4EDA-8FF7-6055380A230D}.Release|Any CPU.ActiveCfg = Release|Win32
		{DEC8854F-A0D1-4EDA-8FF7-6055380A230D}.Release|Mixed Platforms.ActiveCfg = Release|Win32
		{DEC8854F-A0D1-4EDA-8FF7-6055380A230D}.Release|Mixed Platforms.Build.0 = Release|Win32
		{DEC8854F-A0D1-4EDA-8FF7-6055380A230D}.Release|Win32.ActiveCfg = Release|Win32
		{DEC8854F-A0D1-4EDA-8FF7-6055380A230D}.Release|Win32.Build.0 = Release|Win32
		{DEC8854F-A0D1-4EDA-8FF7-6055380A230D}.Release|x64.ActiveCfg = Release|Win32
		{DEC8854F-A0D1-4EDA-8FF7-6055380A230D}.Template|Any CPU.ActiveCfg = Release|Win32
		{DEC8854F-A0D1-4EDA-8FF7-6055380A230D}.Template|Mixed Platforms.ActiveCfg = Release|Win32
		{DEC8854F-A0D1-4EDA-8FF7-6055380A230D}.Template|Mixed Platforms.Build.0 = Release|Win32
		{DEC8854F-A0D1-4EDA-8FF7-6055380A230D}.Template|Win32.ActiveCfg = Release|Win32
		{DEC8854F-A0D1-4EDA-8FF7-6055380A230D}.Template|Win32.Build.0 = Release|Win32
		{DEC8854F-A0D1-4EDA-8FF7-6055380A230D}.Template|x64.ActiveCfg = Release|Win32
		{E86FCABA-7DD4-4690-8296-6E321EBA0A1A}.Debug|Any CPU.ActiveCfg = Debug|Win32
		{E86FCABA-7DD4-4690-8296-6E321EBA0A1A}.Debug|Mixed Platforms.ActiveCfg = Debug|Win32
		{E86FCABA-7DD4-4690-8296-6E321EBA0A1A}.Debug|Mixed Platforms.Build.0 = Debug|Win32
		{E86FCABA-7DD4-4690-8296-6E321EBA0A1A}.Debug|Win32.ActiveCfg = Debug|Win32
		{E86FCABA-7DD4-4690-8296-6E321EBA0A1A}.Debug|x64.ActiveCfg = Debug|Win32
		{E86FCABA-7DD4-4690-8296-6E321EBA0A1A}.Release|Any CPU.ActiveCfg = Release|Win32
		{E86FCABA-7DD4-4690-8296-6E321EBA0A1A}.Release|Mixed Platforms.ActiveCfg = Release|Win32
		{E86FCABA-7DD4-4690-8296-6E321EBA0A1A}.Release|Mixed Platforms.Build.0 = Release|Win32
		{E86FCABA-7DD4-4690-8296-6E321EBA0A1A}.Release|Win32.ActiveCfg = Release|Win32
		{E86FCABA-7DD4-4690-8296-6E321EBA0A1A}.Release|Win32.Build.0 = Release|Win32
		{E86FCABA-7DD4-4690-8296-6E321EBA0A1A}.Release|x64.ActiveCfg = Release|Win32
		{E86FCABA-7DD4-4690-8296-6E321EBA0A1A}.Template|Any CPU.ActiveCfg = Release|Win32
		{E86FCABA-7DD4-4690-8296-6E321EBA0A1A}.Template|Mixed Platforms.ActiveCfg = Release|Win32
		{E86FCABA-7DD4-4690-8296-6E321EBA0A1A}.Template|Mixed Platforms.Build.0 = Release|Win32
		{E86FCABA-7DD4-4690-8296-6E321EBA0A1A}.Template|Win32.ActiveCfg = Release|Win32
		{E86FCABA-7DD4-4690-8296-6E321EBA0A1A}.Template|Win32.Build.0 = Release|Win32
		{E86FCABA-7DD4-4690-8296-6E321EBA0A1A}.Template|x64.ActiveCfg = Release|Win32
		{66F493F6-0107-42D8-A6CA-955596F8F0EF}.Debug|Any CPU.ActiveCfg = Debug|Win32
		{66F493F6-0107-42D8-A6CA-955596F8F0EF}.Debug|Mixed Platforms.ActiveCfg = Debug|Win32
		{66F493F6-0107-42D8-A6CA-955596F8F0EF}.Debug|Mixed Platforms.Build.0 = Debug|Win32
		{66F493F6-0107-42D8-A6CA-955596F8F0EF}.Debug|Win32.ActiveCfg = Debug|Win32
		{66F493F6-0107-42D8-A6CA-955596F8F0EF}.Debug|x64.ActiveCfg = Debug|Win32
		{66F493F6-0107-42D8-A6CA-955596F8F0EF}.Release|Any CPU.ActiveCfg = Release|Win32
		{66F493F6-0107-42D8-A6CA-955596F8F0EF}.Release|Mixed Platforms.ActiveCfg = Release|Win32
		{66F493F6-0107-42D8-A6CA-955596F8F0EF}.Release|Mixed Platforms.Build.0 = Release|Win32
		{66F493F6-0107-42D8-A6CA-955596F8F0EF}.Release|Win32.ActiveCfg = Release|Win32
		{66F493F6-0107-42D8-A6CA-955596F8F0EF}.Release|Win32.Build.0 = Release|Win32
		{66F493F6-0107-42D8-A6CA-955596F8F0EF}.Release|x64.ActiveCfg = Release|Win32
		{66F493F6-0107-42D8-A6CA-955596F8F0EF}.Template|Any CPU.ActiveCfg = Release|Win32
		{66F493F6-0107-42D8-A6CA-955596F8F0EF}.Template|Mixed Platforms.ActiveCfg = Release|Win32
		{66F493F6-0107-42D8-A6CA-955596F8F0EF}.Template|Mixed Platforms.Build.0 = Release|Win32
		{66F493F6-0107-42D8-A6CA-955596F8F0EF}.Template|Win32.ActiveCfg = Release|Win32
		{66F493F6-0107-42D8-A6CA-955596F8F0EF}.Template|Win32.Build.0 = Release|Win32
		{66F493F6-0107-42D8-A6CA-955596F8F0EF}.Template|x64.ActiveCfg = Release|Win32
		{82AA8DF5-5498-4B80-9BE7-5287E419DFE7}.Debug|Any CPU.ActiveCfg = Debug|Win32
		{82AA8DF5-5498-4B80-9BE7-5287E419DFE7}.Debug|Mixed Platforms.ActiveCfg = Debug|Win32
		{82AA8DF5-5498-4B80-9BE7-5287E419DFE7}.Debug|Mixed Platforms.Build.0 = Debug|Win32
		{82AA8DF5-5498-4B80-9BE7-5287E419DFE7}.Debug|Win32.ActiveCfg = Debug|Win32
		{82AA8DF5-5498-4B80-9BE7-5287E419DFE7}.Debug|Win32.Build.0 = Debug|Win32
		{82AA8DF5-5498-4B80-9BE7-5287E419DFE7}.Debug|x64.ActiveCfg = Debug|Win32
		{82AA8DF5-5498-4B80-9BE7-5287E419DFE7}.Release|Any CPU.ActiveCfg = Release|Win32
		{82AA8DF5-5498-4B80-9BE7-5287E419DFE7}.Release|Mixed Platforms.ActiveCfg = Release|Win32
		{82AA8DF5-5498-4B80-9BE7-5287E419DFE7}.Release|Mixed Platforms.Build.0 = Release|Win32
		{82AA8DF5-5498-4B80-9BE7-5287E419DFE7}.Release|Win32.ActiveCfg = Release|Win32
		{82AA8DF5-5498-4B80-9BE7-5287E419DFE7}.Release|Win32.Build.0 = Release|Win32
		{82AA8DF5-5498-4B80-9BE7-5287E419DFE7}.Release|x64.ActiveCfg = Release|Win32
		{82AA8DF5-5498-4B80-9BE7-5287E419DFE7}.Template|Any CPU.ActiveCfg = Release|Win32
		{82AA8DF5-5498-4B80-9BE7-5287E419DFE7}.Template|Mixed Platforms.ActiveCfg = Release|Win32
		{82AA8DF5-5498-4B80-9BE7-5287E419DFE7}.Template|Mixed Platforms.Build.0 = Release|Win32
		{82AA8DF5-5498-4B80-9BE7-5287E419DFE7}.Template|Win32.ActiveCfg = Release|Win32
		{82AA8DF5-5498-4B80-9BE7-5287E419DFE7}.Template|Win32.Build.0 = Release|Win32
		{82AA8DF5-5498-4B80-9BE7-5287E419DFE7}.Template|x64.ActiveCfg = Release|Win32
		{F5E3DE04-64F9-4609-95F9-FDF6D2F30CA1}.Debug|Any CPU.ActiveCfg = Debug|Win32
		{F5E3DE04-64F9-4609-95F9-FDF6D2F30CA1}.Debug|Mixed Platforms.ActiveCfg = Debug|Win32
		{F5E3DE04-64F9-4609-95F9-FDF6D2F30CA1}.Debug|Mixed Platforms.Build.0 = Debug|Win32
		{F5E3DE04-64F9-4609-95F9-FDF6D2F30CA1}.Debug|Win32.ActiveCfg = Debug|Win32
		{F5E3DE04-64F9-4609-95F9-FDF6D2F30CA1}.Debug|Win32.Build.0 = Debug|Win32
		{F5E3DE04-64F9-4609-95F9-FDF6D2F30CA1}.Debug|x64.ActiveCfg = Debug|Win32
		{F5E3DE04-64F9-4609-95F9-FDF6D2F30CA1}.Release|Any CPU.ActiveCfg = Release|Win32
		{F5E3DE04-64F9-4609-95F9-FDF6D2F30CA1}.Release|Mixed Platforms.ActiveCfg = Release|Win32
		{F5E3DE04-64F9-4609-95F9-FDF6D2F30CA1}.Release|Mixed Platforms.Build.0 = Release|Win32
		{F5E3DE04-64F9-4609-95F9-FDF6D2F30CA1}.Release|Win32.ActiveCfg = Release|Win32
		{F5E3DE04-64F9-4609-95F9-FDF6D2F30CA1}.Release|Win32.Build.0 = Release|Win32
		{F5E3DE04-64F9-4609-95F9-FDF6D2F30CA1}.Release|x64.ActiveCfg = Release|Win32
		{F5E3DE04-64F9-4609-95F9-FDF6D2F30CA1}.Template|Any CPU.ActiveCfg = Release|Win32
		{F5E3DE04-64F9-4609-95F9-FDF6D2F30CA1}.Template|Mixed Platforms.ActiveCfg = Release|Win32
		{F5E3DE04-64F9-4609-95F9-FDF6D2F30CA1}.Template|Mixed Platforms.Build.0 = Release|Win32
		{F5E3DE04-64F9-4609-95F9-FDF6D2F30CA1}.Template|Win32.ActiveCfg = Release|Win32
		{F5E3DE04-64F9-4609-95F9-FDF6D2F30CA1}.Template|Win32.Build.0 = Release|Win32
		{F5E3DE04-64F9-4609-95F9-FDF6D2F30CA1}.Template|x64.ActiveCfg = Release|Win32
		{B9A05566-6DD9-4681-A3B6-AA150C0A1733}.Debug|Any CPU.ActiveCfg = Debug|Win32
		{B9A05566-6DD9-4681-A3B6-AA150C0A1733}.Debug|Mixed Platforms.ActiveCfg = Debug|Win32
		{B9A05566-6DD9-4681-A3B6-AA150C0A1733}.Debug|Mixed Platforms.Build.0 = Debug|Win32
		{B9A05566-6DD9-4681-A3B6-AA150C0A1733}.Debug|Win32.ActiveCfg = Debug|Win32
		{B9A05566-6DD9-4681-A3B6-AA150C0A1733}.Debug|Win32.Build.0 = Debug|Win32
		{B9A05566-6DD9-4681-A3B6-AA150C0A1733}.Debug|x64.ActiveCfg = Debug|Win32
		{B9A05566-6DD9-4681-A3B6-AA150C0A1733}.Release|Any CPU.ActiveCfg = Release|Win32
		{B9A05566-6DD9-4681-A3B6-AA150C0A1733}.Release|Mixed Platforms.ActiveCfg = Release|Win32
		{B9A05566-6DD9-4681-A3B6-AA150C0A1733}.Release|Mixed Platforms.Build.0 = Release|Win32
		{B9A05566-6DD9-4681-A3B6-AA150C0A1733}.Release|Win32.ActiveCfg = Release|Win32
		{B9A05566-6DD9-4681-A3B6-AA150C0A1733}.Release|Win32.Build.0 = Release|Win32
		{B9A05566-6DD9-4681-A3B6-AA150C0A1733}.Release|x64.ActiveCfg = Release|Win32
		{B9A05566-6DD9-4681-A3B6-AA150C0A1733}.Template|Any CPU.ActiveCfg = Release|Win32
		{B9A05566-6DD9-4681-A3B6-AA150C0A1733}.Template|Mixed Platforms.ActiveCfg = Release|Win32
		{B9A05566-6DD9-4681-A3B6-AA150C0A1733}.Template|Mixed Platforms.Build.0 = Release|Win32
		{B9A05566-6DD9-4681-A3B6-AA150C0A1733}.Template|Win32.ActiveCfg = Release|Win32
		{B9A05566-6DD9-4681-A3B6-AA150C0A1733}.Template|Win32.Build.0 = Release|Win32
		{B9A05566-6DD9-4681-A3B6-AA150C0A1733}.Template|x64.ActiveCfg = Release|Win32
		{5E74B521-EB69-4C6B-B41D-31456D136A5E}.Debug|Any CPU.ActiveCfg = Debug|Win32
		{5E74B521-EB69-4C6B-B41D-31456D136A5E}.Debug|Mixed Platforms.ActiveCfg = Debug|Win32
		{5E74B521-EB69-4C6B-B41D-31456D136A5E}.Debug|Mixed Platforms.Build.0 = Debug|Win32
		{5E74B521-EB69-4C6B-B41D-31456D136A5E}.Debug|Win32.ActiveCfg = Debug|Win32
		{5E74B521-EB69-4C6B-B41D-31456D136A5E}.Debug|Win32.Build.0 = Debug|Win32
		{5E74B521-EB69-4C6B-B41D-31456D136A5E}.Debug|x64.ActiveCfg = Debug|Win32
		{5E74B521-EB69-4C6B-B41D-31456D136A5E}.Release|Any CPU.ActiveCfg = Release|Win32
		{5E74B521-EB69-4C6B-B41D-31456D136A5E}.Release|Mixed Platforms.ActiveCfg = Release|Win32
		{5E74B521-EB69-4C6B-B41D-31456D136A5E}.Release|Mixed Platforms.Build.0 = Release|Win32
		{5E74B521-EB69-4C6B-B41D-31456D136A5E}.Release|Win32.ActiveCfg = Release|Win32
		{5E74B521-EB69-4C6B-B41D-31456D136A5E}.Release|Win32.Build.0 = Release|Win32
		{5E74B521-EB69-4C6B-B41D-31456D136A5E}.Release|x64.ActiveCfg = Release|Win32
		{5E74B521-EB69-4C6B-B41D-31456D136A5E}.Template|Any CPU.ActiveCfg = Release|Win32
		{5E74B521-EB69-4C6B-B41D-31456D136A5E}.Template|Mixed Platforms.ActiveCfg = Release|Win32
		{5E74B521-EB69-4C6B-B41D-31456D136A5E}.Template|Mixed Platforms.Build.0 = Release|Win32
		{5E74B521-EB69-4C6B-B41D-31456D136A5E}.Template|Win32.ActiveCfg = Release|Win32
		{5E74B521-EB69-4C6B-B41D-31456D136A5E}.Template|Win32.Build.0 = Release|Win32
		{5E74B521-EB69-4C6B-B41D-31456D136A5E}.Template|x64.ActiveCfg = Release|Win32
		{A6827D5D-45D7-436F-90DF-BB84C2FE3EBA}.Debug|Any CPU.ActiveCfg = Debug|Win32
		{A6827D5D-45D7-436F-90DF-BB84C2FE3EBA}.Debug|Mixed Platforms.ActiveCfg = Debug|Win32
		{A6827D5D-45D7-436F-90DF-BB84C2FE3EBA}.Debug|Mixed Platforms.Build.0 = Debug|Win32
		{A6827D5D-45D7-436F-90DF-BB84C2FE3EBA}.Debug|Win32.ActiveCfg = Debug|Win32
		{A6827D5D-45D7-436F-90DF-BB84C2FE3EBA}.Debug|Win32.Build.0 = Debug|Win32
		{A6827D5D-45D7-436F-90DF-BB84C2FE3EBA}.Debug|x64.ActiveCfg = Debug|Win32
		{A6827D5D-45D7-436F-90DF-BB84C2FE3EBA}.Release|Any CPU.ActiveCfg = Release|Win32
		{A6827D5D-45D7-436F-90DF-BB84C2FE3EBA}.Release|Mixed Platforms.ActiveCfg = Release|Win32
		{A6827D5D-45D7-436F-90DF-BB84C2FE3EBA}.Release|Mixed Platforms.Build.0 = Release|Win32
		{A6827D5D-45D7-436F-90DF-BB84C2FE3EBA}.Release|Win32.ActiveCfg = Release|Win32
		{A6827D5D-45D7-436F-90DF-BB84C2FE3EBA}.Release|Win32.Build.0 = Release|Win32
		{A6827D5D-45D7-436F-90DF-BB84C2FE3EBA}.Release|x64.ActiveCfg = Release|Win32
		{A6827D5D-45D7-436F-90DF-BB84C2FE3EBA}.Template|Any CPU.ActiveCfg = Release|Win32
		{A6827D5D-45D7-436F-90DF-BB84C2FE3EBA}.Template|Mixed Platforms.ActiveCfg = Release|Win32
		{A6827D5D-45D7-436F-90DF-BB84C2FE3EBA}.Template|Mixed Platforms.Build.0 = Release|Win32
		{A6827D5D-45D7-436F-90DF-BB84C2FE3EBA}.Template|Win32.ActiveCfg = Release|Win32
		{A6827D5D-45D7-436F-90DF-BB84C2FE3EBA}.Template|Win32.Build.0 = Release|Win32
		{A6827D5D-45D7-436F-90DF-BB84C2FE3EBA}.Template|x64.ActiveCfg = Release|Win32
		{58F0C61A-4669-4EEC-95F2-F955CED83C24}.Debug|Any CPU.ActiveCfg = Debug|Win32
		{58F0C61A-4669-4EEC-95F2-F955CED83C24}.Debug|Mixed Platforms.ActiveCfg = Debug|Win32
		{58F0C61A-4669-4EEC-95F2-F955CED83C24}.Debug|Mixed Platforms.Build.0 = Debug|Win32
		{58F0C61A-4669-4EEC-95F2-F955CED83C24}.Debug|Win32.ActiveCfg = Debug|Win32
		{58F0C61A-4669-4EEC-95F2-F955CED83C24}.Debug|Win32.Build.0 = Debug|Win32
		{58F0C61A-4669-4EEC-95F2-F955CED83C24}.Debug|x64.ActiveCfg = Debug|Win32
		{58F0C61A-4669-4EEC-95F2-F955CED83C24}.Release|Any CPU.ActiveCfg = Release|Win32
		{58F0C61A-4669-4EEC-95F2-F955CED83C24}.Release|Mixed Platforms.ActiveCfg = Release|Win32
		{58F0C61A-4669-4EEC-95F2-F955CED83C24}.Release|Mixed Platforms.Build.0 = Release|Win32
		{58F0C61A-4669-4EEC-95F2-F955CED83C24}.Release|Win32.ActiveCfg = Release|Win32
		{58F0C61A-4669-4EEC-95F2-F955CED83C24}.Release|Win32.Build.0 = Release|Win32
		{58F0C61A-4669-4EEC-95F2-F955CED83C24}.Release|x64.ActiveCfg = Release|Win32
		{58F0C61A-4669-4EEC-95F2-F955CED83C24}.Template|Any CPU.ActiveCfg = Release|Win32
		{58F0C61A-4669-4EEC-95F2-F955CED83C24}.Template|Mixed Platforms.ActiveCfg = Release|Win32
		{58F0C61A-4669-4EEC-95F2-F955CED83C24}.Template|Mixed Platforms.Build.0 = Release|Win32
		{58F0C61A-4669-4EEC-95F2-F955CED83C24}.Template|Win32.ActiveCfg = Release|Win32
		{58F0C61A-4669-4EEC-95F2-F955CED83C24}.Template|Win32.Build.0 = Release|Win32
		{58F0C61A-4669-4EEC-95F2-F955CED83C24}.Template|x64.ActiveCfg = Release|Win32
		{DBC8397B-A486-42AC-8486-3AAB2E17F3DA}.Debug|Any CPU.ActiveCfg = Debug|Win32
		{DBC8397B-A486-42AC-8486-3AAB2E17F3DA}.Debug|Mixed Platforms.ActiveCfg = Debug|Win32
		{DBC8397B-A486-42AC-8486-3AAB2E17F3DA}.Debug|Mixed Platforms.Build.0 = Debug|Win32
		{DBC8397B-A486-42AC-8486-3AAB2E17F3DA}.Debug|Win32.ActiveCfg = Debug|Win32
		{DBC8397B-A486-42AC-8486-3AAB2E17F3DA}.Debug|Win32.Build.0 = Debug|Win32
		{DBC8397B-A486-42AC-8486-3AAB2E17F3DA}.Debug|x64.ActiveCfg = Debug|Win32
		{DBC8397B-A486-42AC-8486-3AAB2E17F3DA}.Release|Any CPU.ActiveCfg = Release|Win32
		{DBC8397B-A486-42AC-8486-3AAB2E17F3DA}.Release|Mixed Platforms.ActiveCfg = Release|Win32
		{DBC8397B-A486-42AC-8486-3AAB2E17F3DA}.Release|Mixed Platforms.Build.0 = Release|Win32
		{DBC8397B-A486-42AC-8486-3AAB2E17F3DA}.Release|Win32.ActiveCfg = Release|Win32
		{DBC8397B-A486-42AC-8486-3AAB2E17F3DA}.Release|Win32.Build.0 = Release|Win32
		{DBC8397B-A486-42AC-8486-3AAB2E17F3DA}.Release|x64.ActiveCfg = Release|Win32
		{DBC8397B-A486-42AC-8486-3AAB2E17F3DA}.Template|Any CPU.ActiveCfg = Release|Win32
		{DBC8397B-A486-42AC-8486-3AAB2E17F3DA}.Template|Mixed Platforms.ActiveCfg = Release|Win32
		{DBC8397B-A486-42AC-8486-3AAB2E17F3DA}.Template|Mixed Platforms.Build.0 = Release|Win32
		{DBC8397B-A486-42AC-8486-3AAB2E17F3DA}.Template|Win32.ActiveCfg = Release|Win32
		{DBC8397B-A486-42AC-8486-3AAB2E17F3DA}.Template|Win32.Build.0 = Release|Win32
		{DBC8397B-A486-42AC-8486-3AAB2E17F3DA}.Template|x64.ActiveCfg = Release|Win32
		{DFEA4DB3-9FA1-4482-9A31-ECDE2B760784}.Debug|Any CPU.ActiveCfg = Debug|Win32
		{DFEA4DB3-9FA1-4482-9A31-ECDE2B760784}.Debug|Mixed Platforms.ActiveCfg = Debug|Win32
		{DFEA4DB3-9FA1-4482-9A31-ECDE2B760784}.Debug|Mixed Platforms.Build.0 = Debug|Win32
		{DFEA4DB3-9FA1-4482-9A31-ECDE2B760784}.Debug|Win32.ActiveCfg = Debug|Win32
		{DFEA4DB3-9FA1-4482-9A31-ECDE2B760784}.Debug|x64.ActiveCfg = Debug|Win32
		{DFEA4DB3-9FA1-4482-9A31-ECDE2B760784}.Release|Any CPU.ActiveCfg = Release|Win32
		{DFEA4DB3-9FA1-4482-9A31-ECDE2B760784}.Release|Mixed Platforms.ActiveCfg = Release|Win32
		{DFEA4DB3-9FA1-4482-9A31-ECDE2B760784}.Release|Mixed Platforms.Build.0 = Release|Win32
		{DFEA4DB3-9FA1-4482-9A31-ECDE2B760784}.Release|Win32.ActiveCfg = Release|Win32
		{DFEA4DB3-9FA1-4482-9A31-ECDE2B760784}.Release|Win32.Build.0 = Release|Win32
		{DFEA4DB3-9FA1-4482-9A31-ECDE2B760784}.Release|x64.ActiveCfg = Release|Win32
		{DFEA4DB3-9FA1-4482-9A31-ECDE2B760784}.Template|Any CPU.ActiveCfg = Release|Win32
		{DFEA4DB3-9FA1-4482-9A31-ECDE2B760784}.Template|Mixed Platforms.ActiveCfg = Release|Win32
		{DFEA4DB3-9FA1-4482-9A31-ECDE2B760784}.Template|Mixed Platforms.Build.0 = Release|Win32
		{DFEA4DB3-9FA1-4482-9A31-ECDE2B760784}.Template|Win32.ActiveCfg = Release|Win32
		{DFEA4DB3-9FA1-4482-9A31-ECDE2B760784}.Template|Win32.Build.0 = Release|Win32
		{DFEA4DB3-9FA1-4482-9A31-ECDE2B760784}.Template|x64.ActiveCfg = Release|Win32
		{29F9EF99-6430-440A-9DDF-22D7E198EBAD}.Debug|Any CPU.ActiveCfg = Debug|Win32
		{29F9EF99-6430-440A-9DDF-22D7E198EBAD}.Debug|Mixed Platforms.ActiveCfg = Debug|Win32
		{29F9EF99-6430-440A-9DDF-22D7E198EBAD}.Debug|Mixed Platforms.Build.0 = Debug|Win32
		{29F9EF99-6430-440A-9DDF-22D7E198EBAD}.Debug|Win32.ActiveCfg = Debug|Win32
		{29F9EF99-6430-440A-9DDF-22D7E198EBAD}.Debug|Win32.Build.0 = Debug|Win32
		{29F9EF99-6430-440A-9DDF-22D7E198EBAD}.Debug|x64.ActiveCfg = Debug|Win32
		{29F9EF99-6430-440A-9DDF-22D7E198EBAD}.Release|Any CPU.ActiveCfg = Release|Win32
		{29F9EF99-6430-440A-9DDF-22D7E198EBAD}.Release|Mixed Platforms.ActiveCfg = Release|Win32
		{29F9EF99-6430-440A-9DDF-22D7E198EBAD}.Release|Mixed Platforms.Build.0 = Release|Win32
		{29F9EF99-6430-440A-9DDF-22D7E198EBAD}.Release|Win32.ActiveCfg = Release|Win32
		{29F9EF99-6430-440A-9DDF-22D7E198EBAD}.Release|Win32.Build.0 = Release|Win32
		{29F9EF99-6430-440A-9DDF-22D7E198EBAD}.Release|x64.ActiveCfg = Release|Win32
		{29F9EF99-6430-440A-9DDF-22D7E198EBAD}.Template|Any CPU.ActiveCfg = Release|Win32
		{29F9EF99-6430-440A-9DDF-22D7E198EBAD}.Template|Mixed Platforms.ActiveCfg = Release|Win32
		{29F9EF99-6430-440A-9DDF-22D7E198EBAD}.Template|Mixed Platforms.Build.0 = Release|Win32
		{29F9EF99-6430-440A-9DDF-22D7E198EBAD}.Template|Win32.ActiveCfg = Release|Win32
		{29F9EF99-6430-440A-9DDF-22D7E198EBAD}.Template|Win32.Build.0 = Release|Win32
		{29F9EF99-6430-440A-9DDF-22D7E198EBAD}.Template|x64.ActiveCfg = Release|Win32
		{09022C31-72AE-4DFF-830A-D94C79B17433}.Debug|Any CPU.ActiveCfg = Debug|Win32
		{09022C31-72AE-4DFF-830A-D94C79B17433}.Debug|Mixed Platforms.ActiveCfg = Debug|Win32
		{09022C31-72AE-4DFF-830A-D94C79B17433}.Debug|Mixed Platforms.Build.0 = Debug|Win32
		{09022C31-72AE-4DFF-830A-D94C79B17433}.Debug|Win32.ActiveCfg = Debug|Win32
		{09022C31-72AE-4DFF-830A-D94C79B17433}.Debug|Win32.Build.0 = Debug|Win32
		{09022C31-72AE-4DFF-830A-D94C79B17433}.Debug|x64.ActiveCfg = Debug|Win32
		{09022C31-72AE-4DFF-830A-D94C79B17433}.Release|Any CPU.ActiveCfg = Release|Win32
		{09022C31-72AE-4DFF-830A-D94C79B17433}.Release|Mixed Platforms.ActiveCfg = Release|Win32
		{09022C31-72AE-4DFF-830A-D94C79B17433}.Release|Mixed Platforms.Build.0 = Release|Win32
		{09022C31-72AE-4DFF-830A-D94C79B17433}.Release|Win32.ActiveCfg = Release|Win32
		{09022C31-72AE-4DFF-830A-D94C79B17433}.Release|Win32.Build.0 = Release|Win32
		{09022C31-72AE-4DFF-830A-D94C79B17433}.Release|x64.ActiveCfg = Release|Win32
		{09022C31-72AE-4DFF-830A-D94C79B17433}.Template|Any CPU.ActiveCfg = Release|Win32
		{09022C31-72AE-4DFF-830A-D94C79B17433}.Template|Mixed Platforms.ActiveCfg = Release|Win32
		{09022C31-72AE-4DFF-830A-D94C79B17433}.Template|Mixed Platforms.Build.0 = Release|Win32
		{09022C31-72AE-4DFF-830A-D94C79B17433}.Template|Win32.ActiveCfg = Release|Win32
		{09022C31-72AE-4DFF-830A-D94C79B17433}.Template|Win32.Build.0 = Release|Win32
		{09022C31-72AE-4DFF-830A-D94C79B17433}.Template|x64.ActiveCfg = Release|Win32
		{98FE1593-15EC-47FA-A438-7BCEA8658750}.Debug|Any CPU.ActiveCfg = Debug|Win32
		{98FE1593-15EC-47FA-A438-7BCEA8658750}.Debug|Mixed Platforms.ActiveCfg = Debug|Win32
		{98FE1593-15EC-47FA-A438-7BCEA8658750}.Debug|Mixed Platforms.Build.0 = Debug|Win32
		{98FE1593-15EC-47FA-A438-7BCEA8658750}.Debug|Win32.ActiveCfg = Debug|Win32
		{98FE1593-15EC-47FA-A438-7BCEA8658750}.Debug|Win32.Build.0 = Debug|Win32
		{98FE1593-15EC-47FA-A438-7BCEA8658750}.Debug|x64.ActiveCfg = Debug|Win32
		{98FE1593-15EC-47FA-A438-7BCEA8658750}.Release|Any CPU.ActiveCfg = Release|Win32
		{98FE1593-15EC-47FA-A438-7BCEA8658750}.Release|Mixed Platforms.ActiveCfg = Release|Win32
		{98FE1593-15EC-47FA-A438-7BCEA8658750}.Release|Mixed Platforms.Build.0 = Release|Win32
		{98FE1593-15EC-47FA-A438-7BCEA8658750}.Release|Win32.ActiveCfg = Release|Win32
		{98FE1593-15EC-47FA-A438-7BCEA8658750}.Release|Win32.Build.0 = Release|Win32
		{98FE1593-15EC-47FA-A438-7BCEA8658750}.Release|x64.ActiveCfg = Release|Win32
		{98FE1593-15EC-47FA-A438-7BCEA8658750}.Template|Any CPU.ActiveCfg = Release|Win32
		{98FE1593-15EC-47FA-A438-7BCEA8658750}.Template|Mixed Platforms.ActiveCfg = Release|Win32
		{98FE1593-15EC-47FA-A438-7BCEA8658750}.Template|Mixed Platforms.Build.0 = Release|Win32
		{98FE1593-15EC-47FA-A438-7BCEA8658750}.Template|Win32.ActiveCfg = Release|Win32
		{98FE1593-15EC-47FA-A438-7BCEA8658750}.Template|Win32.Build.0 = Release|Win32
		{98FE1593-15EC-47FA-A438-7BCEA8658750}.Template|x64.ActiveCfg = Release|Win32
		{6B1A9335-1A72-4909-BF7A-7C3CE356A66D}.Debug|Any CPU.ActiveCfg = Debug|Win32
		{6B1A9335-1A72-4909-BF7A-7C3CE356A66D}.Debug|Mixed Platforms.ActiveCfg = Debug|Win32
		{6B1A9335-1A72-4909-BF7A-7C3CE356A66D}.Debug|Mixed Platforms.Build.0 = Debug|Win32
		{6B1A9335-1A72-4909-BF7A-7C3CE356A66D}.Debug|Win32.ActiveCfg = Debug|Win32
		{6B1A9335-1A72-4909-BF7A-7C3CE356A66D}.Debug|Win32.Build.0 = Debug|Win32
		{6B1A9335-1A72-4909-BF7A-7C3CE356A66D}.Debug|x64.ActiveCfg = Debug|Win32
		{6B1A9335-1A72-4909-BF7A-7C3CE356A66D}.Release|Any CPU.ActiveCfg = Release|Win32
		{6B1A9335-1A72-4909-BF7A-7C3CE356A66D}.Release|Mixed Platforms.ActiveCfg = Release|Win32
		{6B1A9335-1A72-4909-BF7A-7C3CE356A66D}.Release|Mixed Platforms.Build.0 = Release|Win32
		{6B1A9335-1A72-4909-BF7A-7C3CE356A66D}.Release|Win32.ActiveCfg = Release|Win32
		{6B1A9335-1A72-4909-BF7A-7C3CE356A66D}.Release|Win32.Build.0 = Release|Win32
		{6B1A9335-1A72-4909-BF7A-7C3CE356A66D}.Release|x64.ActiveCfg = Release|Win32
		{6B1A9335-1A72-4909-BF7A-7C3CE356A66D}.Template|Any CPU.ActiveCfg = Release|Win32
		{6B1A9335-1A72-4909-BF7A-7C3CE356A66D}.Template|Mixed Platforms.ActiveCfg = Release|Win32
		{6B1A9335-1A72-4909-BF7A-7C3CE356A66D}.Template|Mixed Platforms.Build.0 = Release|Win32
		{6B1A9335-1A72-4909-BF7A-7C3CE356A66D}.Template|Win32.ActiveCfg = Release|Win32
		{6B1A9335-1A72-4909-BF7A-7C3CE356A66D}.Template|Win32.Build.0 = Release|Win32
		{6B1A9335-1A72-4909-BF7A-7C3CE356A66D}.Template|x64.ActiveCfg = Release|Win32
		{0D3DEC07-6984-4C9F-BE32-AEEDF4996788}.Debug|Any CPU.ActiveCfg = Debug|Win32
		{0D3DEC07-6984-4C9F-BE32-AEEDF4996788}.Debug|Mixed Platforms.ActiveCfg = Debug|Win32
		{0D3DEC07-6984-4C9F-BE32-AEEDF4996788}.Debug|Mixed Platforms.Build.0 = Debug|Win32
		{0D3DEC07-6984-4C9F-BE32-AEEDF4996788}.Debug|Win32.ActiveCfg = Debug|Win32
		{0D3DEC07-6984-4C9F-BE32-AEEDF4996788}.Debug|Win32.Build.0 = Debug|Win32
		{0D3DEC07-6984-4C9F-BE32-AEEDF4996788}.Debug|x64.ActiveCfg = Debug|Win32
		{0D3DEC07-6984-4C9F-BE32-AEEDF4996788}.Release|Any CPU.ActiveCfg = Release|Win32
		{0D3DEC07-6984-4C9F-BE32-AEEDF4996788}.Release|Mixed Platforms.ActiveCfg = Release|Win32
		{0D3DEC07-6984-4C9F-BE32-AEEDF4996788}.Release|Mixed Platforms.Build.0 = Release|Win32
		{0D3DEC07-6984-4C9F-BE32-AEEDF4996788}.Release|Win32.ActiveCfg = Release|Win32
		{0D3DEC07-6984-4C9F-BE32-AEEDF4996788}.Release|Win32.Build.0 = Release|Win32
		{0D3DEC07-6984-4C9F-BE32-AEEDF4996788}.Release|x64.ActiveCfg = Release|Win32
		{0D3DEC07-6984-4C9F-BE32-AEEDF4996788}.Template|Any CPU.ActiveCfg = Release|Win32
		{0D3DEC07-6984-4C9F-BE32-AEEDF4996788}.Template|Mixed Platforms.ActiveCfg = Release|Win32
		{0D3DEC07-6984-4C9F-BE32-AEEDF4996788}.Template|Mixed Platforms.Build.0 = Release|Win32
		{0D3DEC07-6984-4C9F-BE32-AEEDF4996788}.Template|Win32.ActiveCfg = Release|Win32
		{0D3DEC07-6984-4C9F-BE32-AEEDF4996788}.Template|Win32.Build.0 = Release|Win32
		{0D3DEC07-6984-4C9F-BE32-AEEDF4996788}.Template|x64.ActiveCfg = Release|Win32
		{B3942EC3-3D3A-4EFE-A097-187AD082B671}.Debug|Any CPU.ActiveCfg = Debug|Win32
		{B3942EC3-3D3A-4EFE-A097-187AD082B671}.Debug|Mixed Platforms.ActiveCfg = Debug|Win32
		{B3942EC3-3D3A-4EFE-A097-187AD082B671}.Debug|Mixed Platforms.Build.0 = Debug|Win32
		{B3942EC3-3D3A-4EFE-A097-187AD082B671}.Debug|Win32.ActiveCfg = Debug|Win32
		{B3942EC3-3D3A-4EFE-A097-187AD082B671}.Debug|x64.ActiveCfg = Debug|Win32
		{B3942EC3-3D3A-4EFE-A097-187AD082B671}.Release|Any CPU.ActiveCfg = Release|Win32
		{B3942EC3-3D3A-4EFE-A097-187AD082B671}.Release|Mixed Platforms.ActiveCfg = Release|Win32
		{B3942EC3-3D3A-4EFE-A097-187AD082B671}.Release|Mixed Platforms.Build.0 = Release|Win32
		{B3942EC3-3D3A-4EFE-A097-187AD082B671}.Release|Win32.ActiveCfg = Release|Win32
		{B3942EC3-3D3A-4EFE-A097-187AD082B671}.Release|Win32.Build.0 = Release|Win32
		{B3942EC3-3D3A-4EFE-A097-187AD082B671}.Release|x64.ActiveCfg = Release|Win32
		{B3942EC3-3D3A-4EFE-A097-187AD082B671}.Template|Any CPU.ActiveCfg = Release|Win32
		{B3942EC3-3D3A-4EFE-A097-187AD082B671}.Template|Mixed Platforms.ActiveCfg = Release|Win32
		{B3942EC3-3D3A-4EFE-A097-187AD082B671}.Template|Mixed Platforms.Build.0 = Release|Win32
		{B3942EC3-3D3A-4EFE-A097-187AD082B671}.Template|Win32.ActiveCfg = Release|Win32
		{B3942EC3-3D3A-4EFE-A097-187AD082B671}.Template|Win32.Build.0 = Release|Win32
		{B3942EC3-3D3A-4EFE-A097-187AD082B671}.Template|x64.ActiveCfg = Release|Win32
		{265D23B6-6F88-4D80-9D65-B7762D79C58D}.Debug|Any CPU.ActiveCfg = Debug|Win32
		{265D23B6-6F88-4D80-9D65-B7762D79C58D}.Debug|Mixed Platforms.ActiveCfg = Debug|Win32
		{265D23B6-6F88-4D80-9D65-B7762D79C58D}.Debug|Mixed Platforms.Build.0 = Debug|Win32
		{265D23B6-6F88-4D80-9D65-B7762D79C58D}.Debug|Win32.ActiveCfg = Debug|Win32
		{265D23B6-6F88-4D80-9D65-B7762D79C58D}.Debug|Win32.Build.0 = Debug|Win32
		{265D23B6-6F88-4D80-9D65-B7762D79C58D}.Debug|x64.ActiveCfg = Debug|Win32
		{265D23B6-6F88-4D80-9D65-B7762D79C58D}.Release|Any CPU.ActiveCfg = Release|Win32
		{265D23B6-6F88-4D80-9D65-B7762D79C58D}.Release|Mixed Platforms.ActiveCfg = Release|Win32
		{265D23B6-6F88-4D80-9D65-B7762D79C58D}.Release|Mixed Platforms.Build.0 = Release|Win32
		{265D23B6-6F88-4D80-9D65-B7762D79C58D}.Release|Win32.ActiveCfg = Release|Win32
		{265D23B6-6F88-4D80-9D65-B7762D79C58D}.Release|Win32.Build.0 = Release|Win32
		{265D23B6-6F88-4D80-9D65-B7762D79C58D}.Release|x64.ActiveCfg = Release|Win32
		{265D23B6-6F88-4D80-9D65-B7762D79C58D}.Template|Any CPU.ActiveCfg = Release|Win32
		{265D23B6-6F88-4D80-9D65-B7762D79C58D}.Template|Mixed Platforms.ActiveCfg = Release|Win32
		{265D23B6-6F88-4D80-9D65-B7762D79C58D}.Template|Mixed Platforms.Build.0 = Release|Win32
		{265D23B6-6F88-4D80-9D65-B7762D79C58D}.Template|Win32.ActiveCfg = Release|Win32
		{265D23B6-6F88-4D80-9D65-B7762D79C58D}.Template|Win32.Build.0 = Release|Win32
		{265D23B6-6F88-4D80-9D65-B7762D79C58D}.Template|x64.ActiveCfg = Release|Win32
		{76EC1888-61A7-4A18-B33D-B68CA40CDE5E}.Debug|Any CPU.ActiveCfg = Debug|Win32
		{76EC1888-61A7-4A18-B33D-B68CA40CDE5E}.Debug|Mixed Platforms.ActiveCfg = Debug|Win32
		{76EC1888-61A7-4A18-B33D-B68CA40CDE5E}.Debug|Mixed Platforms.Build.0 = Debug|Win32
		{76EC1888-61A7-4A18-B33D-B68CA40CDE5E}.Debug|Win32.ActiveCfg = Debug|Win32
		{76EC1888-61A7-4A18-B33D-B68CA40CDE5E}.Debug|Win32.Build.0 = Debug|Win32
		{76EC1888-61A7-4A18-B33D-B68CA40CDE5E}.Debug|x64.ActiveCfg = Debug|Win32
		{76EC1888-61A7-4A18-B33D-B68CA40CDE5E}.Release|Any CPU.ActiveCfg = Release|Win32
		{76EC1888-61A7-4A18-B33D-B68CA40CDE5E}.Release|Mixed Platforms.ActiveCfg = Release|Win32
		{76EC1888-61A7-4A18-B33D-B68CA40CDE5E}.Release|Mixed Platforms.Build.0 = Release|Win32
		{76EC1888-61A7-4A18-B33D-B68CA40CDE5E}.Release|Win32.ActiveCfg = Release|Win32
		{76EC1888-61A7-4A18-B33D-B68CA40CDE5E}.Release|Win32.Build.0 = Release|Win32
		{76EC1888-61A7-4A18-B33D-B68CA40CDE5E}.Release|x64.ActiveCfg = Release|Win32
		{76EC1888-61A7-4A18-B33D-B68CA40CDE5E}.Template|Any CPU.ActiveCfg = Release|Win32
		{76EC1888-61A7-4A18-B33D-B68CA40CDE5E}.Template|Mixed Platforms.ActiveCfg = Release|Win32
		{76EC1888-61A7-4A18-B33D-B68CA40CDE5E}.Template|Mixed Platforms.Build.0 = Release|Win32
		{76EC1888-61A7-4A18-B33D-B68CA40CDE5E}.Template|Win32.ActiveCfg = Release|Win32
		{76EC1888-61A7-4A18-B33D-B68CA40CDE5E}.Template|Win32.Build.0 = Release|Win32
		{76EC1888-61A7-4A18-B33D-B68CA40CDE5E}.Template|x64.ActiveCfg = Release|Win32
		{C9CF4C60-001A-44D6-871C-B1C161C0BFC6}.Debug|Any CPU.ActiveCfg = Debug|Win32
		{C9CF4C60-001A-44D6-871C-B1C161C0BFC6}.Debug|Mixed Platforms.ActiveCfg = Debug|Win32
		{C9CF4C60-001A-44D6-871C-B1C161C0BFC6}.Debug|Mixed Platforms.Build.0 = Debug|Win32
		{C9CF4C60-001A-44D6-871C-B1C161C0BFC6}.Debug|Win32.ActiveCfg = Debug|Win32
		{C9CF4C60-001A-44D6-871C-B1C161C0BFC6}.Debug|Win32.Build.0 = Debug|Win32
		{C9CF4C60-001A-44D6-871C-B1C161C0BFC6}.Debug|x64.ActiveCfg = Debug|Win32
		{C9CF4C60-001A-44D6-871C-B1C161C0BFC6}.Release|Any CPU.ActiveCfg = Release|Win32
		{C9CF4C60-001A-44D6-871C-B1C161C0BFC6}.Release|Mixed Platforms.ActiveCfg = Release|Win32
		{C9CF4C60-001A-44D6-871C-B1C161C0BFC6}.Release|Mixed Platforms.Build.0 = Release|Win32
		{C9CF4C60-001A-44D6-871C-B1C161C0BFC6}.Release|Win32.ActiveCfg = Release|Win32
		{C9CF4C60-001A-44D6-871C-B1C161C0BFC6}.Release|Win32.Build.0 = Release|Win32
		{C9CF4C60-001A-44D6-871C-B1C161C0BFC6}.Release|x64.ActiveCfg = Release|Win32
		{C9CF4C60-001A-44D6-871C-B1C161C0BFC6}.Template|Any CPU.ActiveCfg = Release|Win32
		{C9CF4C60-001A-44D6-871C-B1C161C0BFC6}.Template|Mixed Platforms.ActiveCfg = Release|Win32
		{C9CF4C60-001A-44D6-871C-B1C161C0BFC6}.Template|Mixed Platforms.Build.0 = Release|Win32
		{C9CF4C60-001A-44D6-871C-B1C161C0BFC6}.Template|Win32.ActiveCfg = Release|Win32
		{C9CF4C60-001A-44D6-871C-B1C161C0BFC6}.Template|Win32.Build.0 = Release|Win32
		{C9CF4C60-001A-44D6-871C-B1C161C0BFC6}.Template|x64.ActiveCfg = Release|Win32
		{B8CDCC50-B7B2-4498-9908-294D09072E4D}.Debug|Any CPU.ActiveCfg = Debug|Win32
		{B8CDCC50-B7B2-4498-9908-294D09072E4D}.Debug|Mixed Platforms.ActiveCfg = Debug|Win32
		{B8CDCC50-B7B2-4498-9908-294D09072E4D}.Debug|Mixed Platforms.Build.0 = Debug|Win32
		{B8CDCC50-B7B2-4498-9908-294D09072E4D}.Debug|Win32.ActiveCfg = Debug|Win32
		{B8CDCC50-B7B2-4498-9908-294D09072E4D}.Debug|Win32.Build.0 = Debug|Win32
		{B8CDCC50-B7B2-4498-9908-294D09072E4D}.Debug|x64.ActiveCfg = Debug|Win32
		{B8CDCC50-B7B2-4498-9908-294D09072E4D}.Release|Any CPU.ActiveCfg = Release|Win32
		{B8CDCC50-B7B2-4498-9908-294D09072E4D}.Release|Mixed Platforms.ActiveCfg = Release|Win32
		{B8CDCC50-B7B2-4498-9908-294D09072E4D}.Release|Mixed Platforms.Build.0 = Release|Win32
		{B8CDCC50-B7B2-4498-9908-294D09072E4D}.Release|Win32.ActiveCfg = Release|Win32
		{B8CDCC50-B7B2-4498-9908-294D09072E4D}.Release|Win32.Build.0 = Release|Win32
		{B8CDCC50-B7B2-4498-9908-294D09072E4D}.Release|x64.ActiveCfg = Release|Win32
		{B8CDCC50-B7B2-4498-9908-294D09072E4D}.Template|Any CPU.ActiveCfg = Release|Win32
		{B8CDCC50-B7B2-4498-9908-294D09072E4D}.Template|Mixed Platforms.ActiveCfg = Release|Win32
		{B8CDCC50-B7B2-4498-9908-294D09072E4D}.Template|Mixed Platforms.Build.0 = Release|Win32
		{B8CDCC50-B7B2-4498-9908-294D09072E4D}.Template|Win32.ActiveCfg = Release|Win32
		{B8CDCC50-B7B2-4498-9908-294D09072E4D}.Template|Win32.Build.0 = Release|Win32
		{B8CDCC50-B7B2-4498-9908-294D09072E4D}.Template|x64.ActiveCfg = Release|Win32
	EndGlobalSection
	GlobalSection(SolutionProperties) = preSolution
		HideSolutionNode = FALSE
	EndGlobalSection
	GlobalSection(NestedProjects) = preSolution
		{ED7583A9-21B2-4FE3-86BE-179B056B66C6} = {8F609B9A-0EA7-41C4-89E4-05A9D43F166A}
		{29DCDDEA-7EB7-474D-9B09-AA3212D3DFB0} = {8F609B9A-0EA7-41C4-89E4-05A9D43F166A}
		{FB5CDDC5-D0DE-477A-81BB-93D1B69FFE4B} = {8F609B9A-0EA7-41C4-89E4-05A9D43F166A}
		{E6A65FB4-CF81-4B75-9BB8-37B3452245E8} = {8F609B9A-0EA7-41C4-89E4-05A9D43F166A}
		{CCD68536-7D1F-4B51-837E-92378B0E253C} = {8F609B9A-0EA7-41C4-89E4-05A9D43F166A}
		{DD0FA308-3973-4B8B-BFA6-F841936B19B2} = {8F609B9A-0EA7-41C4-89E4-05A9D43F166A}
		{8BCB326B-1AF2-4761-A607-31DBDCCA4477} = {8F609B9A-0EA7-41C4-89E4-05A9D43F166A}
		{C56F69CD-90BD-4210-943D-BDAC2EE71D63} = {8F609B9A-0EA7-41C4-89E4-05A9D43F166A}
		{611BDA8A-6F22-46DB-9CEE-F4344521AC42} = {8F609B9A-0EA7-41C4-89E4-05A9D43F166A}
		{5B74A321-97F3-484B-ABDD-9EEDDC9DF423} = {8F609B9A-0EA7-41C4-89E4-05A9D43F166A}
		{E86FCABA-7DD4-4690-8296-6E321EBA0A1A} = {8F609B9A-0EA7-41C4-89E4-05A9D43F166A}
		{66F493F6-0107-42D8-A6CA-955596F8F0EF} = {8F609B9A-0EA7-41C4-89E4-05A9D43F166A}
		{DFEA4DB3-9FA1-4482-9A31-ECDE2B760784} = {8F609B9A-0EA7-41C4-89E4-05A9D43F166A}
		{B3942EC3-3D3A-4EFE-A097-187AD082B671} = {8F609B9A-0EA7-41C4-89E4-05A9D43F166A}
		{E9BD5864-9595-4223-ACCC-4097DB416EDC} = {2C5280EC-BF95-4578-B31B-0BC0E0D6CE72}
		{32F8DBD5-7B09-4EF7-A096-697D548606F8} = {2C5280EC-BF95-4578-B31B-0BC0E0D6CE72}
		{6D641DBD-FA67-4D62-84B6-959EDA446B0A} = {2C5280EC-BF95-4578-B31B-0BC0E0D6CE72}
		{F0231FA6-F00C-49ED-BCF0-1DAB4D28E662} = {2C5280EC-BF95-4578-B31B-0BC0E0D6CE72}
		{0762304E-B5D2-47EB-9662-0E84FB604CDE} = {2C5280EC-BF95-4578-B31B-0BC0E0D6CE72}
		{E3B992C3-B3BF-45D3-BCD5-FF3C088053E9} = {2C5280EC-BF95-4578-B31B-0BC0E0D6CE72}
		{98FE1593-15EC-47FA-A438-7BCEA8658750} = {2C5280EC-BF95-4578-B31B-0BC0E0D6CE72}
		{0D3DEC07-6984-4C9F-BE32-AEEDF4996788} = {2C5280EC-BF95-4578-B31B-0BC0E0D6CE72}
		{B8CDCC50-B7B2-4498-9908-294D09072E4D} = {2C5280EC-BF95-4578-B31B-0BC0E0D6CE72}
		{DEC8854F-A0D1-4EDA-8FF7-6055380A230D} = {BBFA46A3-DB9E-4F66-A9B3-5BE8B4AB9908}
		{82AA8DF5-5498-4B80-9BE7-5287E419DFE7} = {BBFA46A3-DB9E-4F66-A9B3-5BE8B4AB9908}
		{B9A05566-6DD9-4681-A3B6-AA150C0A1733} = {BBFA46A3-DB9E-4F66-A9B3-5BE8B4AB9908}
		{5E74B521-EB69-4C6B-B41D-31456D136A5E} = {BBFA46A3-DB9E-4F66-A9B3-5BE8B4AB9908}
		{58F0C61A-4669-4EEC-95F2-F955CED83C24} = {BBFA46A3-DB9E-4F66-A9B3-5BE8B4AB9908}
		{76EC1888-61A7-4A18-B33D-B68CA40CDE5E} = {BBFA46A3-DB9E-4F66-A9B3-5BE8B4AB9908}
		{C9CF4C60-001A-44D6-871C-B1C161C0BFC6} = {BBFA46A3-DB9E-4F66-A9B3-5BE8B4AB9908}
	EndGlobalSection
EndGlobal
