<?xml version="1.0" encoding="utf-8"?>
<Project ToolsVersion="4.0" xmlns="http://schemas.microsoft.com/developer/msbuild/2003">
  <ItemGroup>
    <Filter Include="Source Files">
      <UniqueIdentifier>{4FC737F1-C7A5-4376-A066-2A32D752A2FF}</UniqueIdentifier>
      <Extensions>cpp;cxx;c;def</Extensions>
    </Filter>
    <Filter Include="Header Files">
      <UniqueIdentifier>{93995380-89BD-4b04-88EB-625FBE52EBFB}</UniqueIdentifier>
      <Extensions>h</Extensions>
    </Filter>
    <Filter Include="Form Files">
      <UniqueIdentifier>{99349809-55BA-4b9d-BF79-8FDBB0286EB3}</UniqueIdentifier>
      <Extensions>ui</Extensions>
    </Filter>
    <Filter Include="Resource Files">
      <UniqueIdentifier>{D9D6E242-F8AF-46E4-B9FD-80ECBC20BA3E}</UniqueIdentifier>
      <Extensions>qrc;*</Extensions>
      <ParseFiles>false</ParseFiles>
    </Filter>
    <Filter Include="Generated Files">
      <UniqueIdentifier>{71ED8ED8-ACB9-4CE9-BBE1-E00B30144E11}</UniqueIdentifier>
      <Extensions>moc;h;cpp</Extensions>
      <SourceControlFiles>False</SourceControlFiles>
    </Filter>
    <Filter Include="Generated Files\Debug">
      <UniqueIdentifier>{692f7e7f-cd64-484c-b9bb-c197f80f2810}</UniqueIdentifier>
      <Extensions>cpp;moc</Extensions>
      <SourceControlFiles>False</SourceControlFiles>
    </Filter>
    <Filter Include="Generated Files\Release">
      <UniqueIdentifier>{59bb56b1-fd37-482c-9452-b0e0129d7dde}</UniqueIdentifier>
      <Extensions>cpp;moc</Extensions>
      <SourceControlFiles>False</SourceControlFiles>
    </Filter>
    <Filter Include="ColorSet">
      <UniqueIdentifier>{b572c60a-e593-4e6c-ba8e-bf343be9e119}</UniqueIdentifier>
    </Filter>
  </ItemGroup>
  <ItemGroup>
    <ClCompile Include="SegmentBrowserDialog.cpp">
      <Filter>Source Files</Filter>
    </ClCompile>
    <ClCompile Include="GeneratedFiles\Debug\moc_SegmentBrowserDialog.cpp">
      <Filter>Generated Files\Debug</Filter>
    </ClCompile>
    <ClCompile Include="GeneratedFiles\Release\moc_SegmentBrowserDialog.cpp">
      <Filter>Generated Files\Release</Filter>
    </ClCompile>
    <ClCompile Include="GeneratedFiles\Debug\moc_colorSelector.cpp">
      <Filter>Generated Files\Debug</Filter>
    </ClCompile>
    <ClCompile Include="GeneratedFiles\Release\moc_colorSelector.cpp">
      <Filter>Generated Files\Release</Filter>
    </ClCompile>
    <ClCompile Include="GeneratedFiles\Debug\moc_colorSetForm.cpp">
      <Filter>Generated Files\Debug</Filter>
    </ClCompile>
    <ClCompile Include="GeneratedFiles\Release\moc_colorSetForm.cpp">
      <Filter>Generated Files\Release</Filter>
    </ClCompile>
    <ClCompile Include="GeneratedFiles\Debug\moc_QColorPicker.cpp">
      <Filter>Generated Files\Debug</Filter>
    </ClCompile>
    <ClCompile Include="GeneratedFiles\Release\moc_QColorPicker.cpp">
      <Filter>Generated Files\Release</Filter>
    </ClCompile>
    <ClCompile Include="GeneratedFiles\Debug\moc_QColorWell.cpp">
      <Filter>Generated Files\Debug</Filter>
    </ClCompile>
    <ClCompile Include="GeneratedFiles\Release\moc_QColorWell.cpp">
      <Filter>Generated Files\Release</Filter>
    </ClCompile>
    <ClCompile Include="GeneratedFiles\Debug\moc_rgbEditForm.cpp">
      <Filter>Generated Files\Debug</Filter>
    </ClCompile>
    <ClCompile Include="GeneratedFiles\Release\moc_rgbEditForm.cpp">
      <Filter>Generated Files\Release</Filter>
    </ClCompile>
    <ClCompile Include="BaseHQWidget.cpp">
      <Filter>Source Files</Filter>
    </ClCompile>
    <ClCompile Include="GeneratedFiles\Debug\moc_BaseHQWidget.cpp">
      <Filter>Generated Files\Debug</Filter>
    </ClCompile>
    <ClCompile Include="GeneratedFiles\Release\moc_BaseHQWidget.cpp">
      <Filter>Generated Files\Release</Filter>
    </ClCompile>
    <ClCompile Include="qt4_common\HQWidget.cpp">
      <Filter>Source Files</Filter>
    </ClCompile>
    <ClCompile Include="GeneratedFiles\Debug\moc_HQWidget.cpp">
      <Filter>Generated Files\Debug</Filter>
    </ClCompile>
    <ClCompile Include="GeneratedFiles\Release\moc_HQWidget.cpp">
      <Filter>Generated Files\Release</Filter>
    </ClCompile>
    <ClCompile Include="colorset\colorSelector.cpp">
      <Filter>ColorSet</Filter>
    </ClCompile>
    <ClCompile Include="colorset\colorSetForm.cpp">
      <Filter>ColorSet</Filter>
    </ClCompile>
    <ClCompile Include="colorset\QColorPicker.cpp">
      <Filter>ColorSet</Filter>
    </ClCompile>
    <ClCompile Include="colorset\QColorWell.cpp">
      <Filter>ColorSet</Filter>
    </ClCompile>
    <ClCompile Include="colorset\rgbEditForm.cpp">
      <Filter>ColorSet</Filter>
    </ClCompile>
    <ClCompile Include="BaseHQWidget_Visibility.cpp">
      <Filter>Source Files</Filter>
    </ClCompile>
  </ItemGroup>
  <ItemGroup>
    <CustomBuild Include="SegmentBrowserDialog.h">
      <Filter>Header Files</Filter>
    </CustomBuild>
    <CustomBuild Include="BaseHQWidget.h">
      <Filter>Header Files</Filter>
    </CustomBuild>
    <CustomBuild Include="qt4_common\HQWidget.h">
      <Filter>Header Files</Filter>
    </CustomBuild>
    <CustomBuild Include="colorset\rgbEditForm.h">
      <Filter>ColorSet</Filter>
    </CustomBuild>
    <CustomBuild Include="colorset\QColorWell.h">
      <Filter>ColorSet</Filter>
    </CustomBuild>
    <CustomBuild Include="colorset\QColorPicker.h">
      <Filter>ColorSet</Filter>
    </CustomBuild>
    <CustomBuild Include="colorset\colorSetForm.h">
      <Filter>ColorSet</Filter>
    </CustomBuild>
    <CustomBuild Include="colorset\colorSelector.h">
      <Filter>ColorSet</Filter>
    </CustomBuild>
    <CustomBuild Include="colorset\colorSetForm.ui">
      <Filter>ColorSet</Filter>
    </CustomBuild>
    <CustomBuild Include="colorset\rgbEditForm.ui">
      <Filter>ColorSet</Filter>
    </CustomBuild>
  </ItemGroup>
  <ItemGroup>
    <ClInclude Include="GeneratedFiles\ui_colorSetForm.h">
      <Filter>Generated Files</Filter>
    </ClInclude>
    <ClInclude Include="GeneratedFiles\ui_rgbEditForm.h">
      <Filter>Generated Files</Filter>
    </ClInclude>
  </ItemGroup>
</Project>