<?xml version="1.0" encoding="utf-8"?>
<Project ToolsVersion="4.0" xmlns="http://schemas.microsoft.com/developer/msbuild/2003">
  <ItemGroup>
    <Filter Include="Source Files">
      <UniqueIdentifier>{4FC737F1-C7A5-4376-A066-2A32D752A2FF}</UniqueIdentifier>
      <Extensions>cpp;cxx;c;def</Extensions>
    </Filter>
    <Filter Include="Header Files">
      <UniqueIdentifier>{93995380-89BD-4b04-88EB-625FBE52EBFB}</UniqueIdentifier>
      <Extensions>h</Extensions>
    </Filter>
    <Filter Include="Form Files">
      <UniqueIdentifier>{99349809-55BA-4b9d-BF79-8FDBB0286EB3}</UniqueIdentifier>
      <Extensions>ui</Extensions>
    </Filter>
    <Filter Include="Resource Files">
      <UniqueIdentifier>{D9D6E242-F8AF-46E4-B9FD-80ECBC20BA3E}</UniqueIdentifier>
      <Extensions>qrc;*</Extensions>
      <ParseFiles>false</ParseFiles>
    </Filter>
    <Filter Include="Generated Files">
      <UniqueIdentifier>{71ED8ED8-ACB9-4CE9-BBE1-E00B30144E11}</UniqueIdentifier>
      <Extensions>moc;h;cpp</Extensions>
      <SourceControlFiles>False</SourceControlFiles>
    </Filter>
    <Filter Include="Generated Files\Debug">
      <UniqueIdentifier>{141c1693-9a81-4a99-a5c8-daa44913f7e4}</UniqueIdentifier>
      <Extensions>cpp;moc</Extensions>
      <SourceControlFiles>False</SourceControlFiles>
    </Filter>
    <Filter Include="Generated Files\Release">
      <UniqueIdentifier>{e8e6f392-fcc7-4682-8790-77943addd36f}</UniqueIdentifier>
      <Extensions>cpp;moc</Extensions>
      <SourceControlFiles>False</SourceControlFiles>
    </Filter>
  </ItemGroup>
  <ItemGroup>
    <ClInclude Include="prevtc_global.h">
      <Filter>Header Files</Filter>
    </ClInclude>
    <ClInclude Include="GeneratedFiles\ui_itemcurvewidget.h">
      <Filter>Generated Files</Filter>
    </ClInclude>
    <ClInclude Include="GeneratedFiles\ui_resultselectorwidget.h">
      <Filter>Generated Files</Filter>
    </ClInclude>
    <ClInclude Include="CurveParasSerialize.h">
      <Filter>Header Files</Filter>
    </ClInclude>
    <ClInclude Include="CustomPlotViewSetting.h">
      <Filter>Header Files</Filter>
    </ClInclude>
    <ClInclude Include="GeneratedFiles\ui_axisGeneral.h">
      <Filter>Generated Files</Filter>
    </ClInclude>
    <ClInclude Include="GeneratedFiles\ui_axisSetting.h">
      <Filter>Generated Files</Filter>
    </ClInclude>
    <ClInclude Include="GeneratedFiles\ui_curveSetting.h">
      <Filter>Generated Files</Filter>
    </ClInclude>
    <ClInclude Include="GeneratedFiles\ui_addcustomcurvedialog.h">
      <Filter>Generated Files</Filter>
    </ClInclude>
    <ClInclude Include="resultexpressionparser.h">
      <Filter>Header Files</Filter>
    </ClInclude>
    <ClInclude Include="resultfunctions.h">
      <Filter>Header Files</Filter>
    </ClInclude>
    <ClInclude Include="GeneratedFiles\ui_showsettingdialog.h">
      <Filter>Generated Files</Filter>
    </ClInclude>
    <ClInclude Include="GeneratedFiles\ui_curveconfigdialog.h">
      <Filter>Generated Files</Filter>
    </ClInclude>
  </ItemGroup>
  <ItemGroup>
    <CustomBuild Include="customcurveplot.h">
      <Filter>Header Files</Filter>
    </CustomBuild>
    <CustomBuild Include="itemcurveview.h">
      <Filter>Header Files</Filter>
    </CustomBuild>
    <CustomBuild Include="itemcurvewidget.h">
      <Filter>Header Files</Filter>
    </CustomBuild>
    <CustomBuild Include="itemcurvewidget.ui">
      <Filter>Form Files</Filter>
    </CustomBuild>
    <CustomBuild Include="..\3rdParty\qcustomplot\qcustomplot.h">
      <Filter>Header Files</Filter>
    </CustomBuild>
    <CustomBuild Include="resultselectorwidget.h">
      <Filter>Header Files</Filter>
    </CustomBuild>
    <CustomBuild Include="resultselectorwidget.ui">
      <Filter>Form Files</Filter>
    </CustomBuild>
    <CustomBuild Include="exchangeview.h">
      <Filter>Header Files</Filter>
    </CustomBuild>
    <CustomBuild Include="CurvePlotSettingDialog.h">
      <Filter>Header Files</Filter>
    </CustomBuild>
    <CustomBuild Include="CurveSettingDialog.h">
      <Filter>Header Files</Filter>
    </CustomBuild>
    <CustomBuild Include="axisGeneral.ui">
      <Filter>Form Files</Filter>
    </CustomBuild>
    <CustomBuild Include="axisSetting.ui">
      <Filter>Form Files</Filter>
    </CustomBuild>
    <CustomBuild Include="curveSetting.ui">
      <Filter>Form Files</Filter>
    </CustomBuild>
    <CustomBuild Include="addcustomcurvedialog.h">
      <Filter>Header Files</Filter>
    </CustomBuild>
    <CustomBuild Include="addcustomcurvedialog.ui">
      <Filter>Form Files</Filter>
    </CustomBuild>
    <CustomBuild Include="curvepointstracer.h">
      <Filter>Header Files</Filter>
    </CustomBuild>
    <CustomBuild Include="curve.h">
      <Filter>Header Files</Filter>
    </CustomBuild>
    <CustomBuild Include="showsettingdialog.h">
      <Filter>Header Files</Filter>
    </CustomBuild>
    <CustomBuild Include="showsettingdialog.ui">
      <Filter>Form Files</Filter>
    </CustomBuild>
    <CustomBuild Include="curveconfigdialog.h">
      <Filter>Header Files</Filter>
    </CustomBuild>
    <CustomBuild Include="curveconfigdialog.ui">
      <Filter>Form Files</Filter>
    </CustomBuild>
    <CustomBuild Include="curveeditwidget.h">
      <Filter>Header Files</Filter>
    </CustomBuild>
    <CustomBuild Include="lexercurve.h">
      <Filter>Header Files</Filter>
    </CustomBuild>
    <CustomBuild Include="addcurvethread.h">
      <Filter>Header Files</Filter>
    </CustomBuild>
  </ItemGroup>
  <ItemGroup>
    <ClCompile Include="GeneratedFiles\Debug\moc_customcurveplot.cpp">
      <Filter>Generated Files\Debug</Filter>
    </ClCompile>
    <ClCompile Include="GeneratedFiles\Release\moc_customcurveplot.cpp">
      <Filter>Generated Files\Release</Filter>
    </ClCompile>
    <ClCompile Include="GeneratedFiles\Debug\moc_itemcurveview.cpp">
      <Filter>Generated Files\Debug</Filter>
    </ClCompile>
    <ClCompile Include="GeneratedFiles\Release\moc_itemcurveview.cpp">
      <Filter>Generated Files\Release</Filter>
    </ClCompile>
    <ClCompile Include="GeneratedFiles\Debug\moc_itemcurvewidget.cpp">
      <Filter>Generated Files\Debug</Filter>
    </ClCompile>
    <ClCompile Include="GeneratedFiles\Release\moc_itemcurvewidget.cpp">
      <Filter>Generated Files\Release</Filter>
    </ClCompile>
    <ClCompile Include="customcurveplot.cpp">
      <Filter>Source Files</Filter>
    </ClCompile>
    <ClCompile Include="itemcurveview.cpp">
      <Filter>Source Files</Filter>
    </ClCompile>
    <ClCompile Include="itemcurvewidget.cpp">
      <Filter>Source Files</Filter>
    </ClCompile>
    <ClCompile Include="..\3rdParty\qcustomplot\qcustomplot.cpp">
      <Filter>Source Files</Filter>
    </ClCompile>
    <ClCompile Include="GeneratedFiles\Debug\moc_qcustomplot.cpp">
      <Filter>Generated Files\Debug</Filter>
    </ClCompile>
    <ClCompile Include="GeneratedFiles\Release\moc_qcustomplot.cpp">
      <Filter>Generated Files\Release</Filter>
    </ClCompile>
    <ClCompile Include="GeneratedFiles\Debug\moc_resultselectorwidget.cpp">
      <Filter>Generated Files\Debug</Filter>
    </ClCompile>
    <ClCompile Include="GeneratedFiles\Release\moc_resultselectorwidget.cpp">
      <Filter>Generated Files\Release</Filter>
    </ClCompile>
    <ClCompile Include="resultselectorwidget.cpp">
      <Filter>Source Files</Filter>
    </ClCompile>
    <ClCompile Include="exchangeview.cpp">
      <Filter>Source Files</Filter>
    </ClCompile>
    <ClCompile Include="GeneratedFiles\Debug\moc_exchangeview.cpp">
      <Filter>Generated Files\Debug</Filter>
    </ClCompile>
    <ClCompile Include="GeneratedFiles\Release\moc_exchangeview.cpp">
      <Filter>Generated Files\Release</Filter>
    </ClCompile>
    <ClCompile Include="GeneratedFiles\Debug\moc_CurvePlotSettingDialog.cpp">
      <Filter>Generated Files\Debug</Filter>
    </ClCompile>
    <ClCompile Include="GeneratedFiles\Release\moc_CurvePlotSettingDialog.cpp">
      <Filter>Generated Files\Release</Filter>
    </ClCompile>
    <ClCompile Include="GeneratedFiles\Debug\moc_CurveSettingDialog.cpp">
      <Filter>Generated Files\Debug</Filter>
    </ClCompile>
    <ClCompile Include="GeneratedFiles\Release\moc_CurveSettingDialog.cpp">
      <Filter>Generated Files\Release</Filter>
    </ClCompile>
    <ClCompile Include="CurveParasSerialize.cpp">
      <Filter>Source Files</Filter>
    </ClCompile>
    <ClCompile Include="CurvePlotSettingDialog.cpp">
      <Filter>Source Files</Filter>
    </ClCompile>
    <ClCompile Include="CurveSettingDialog.cpp">
      <Filter>Source Files</Filter>
    </ClCompile>
    <ClCompile Include="addcustomcurvedialog.cpp">
      <Filter>Source Files</Filter>
    </ClCompile>
    <ClCompile Include="GeneratedFiles\Debug\moc_addcustomcurvedialog.cpp">
      <Filter>Generated Files\Debug</Filter>
    </ClCompile>
    <ClCompile Include="GeneratedFiles\Release\moc_addcustomcurvedialog.cpp">
      <Filter>Generated Files\Release</Filter>
    </ClCompile>
    <ClCompile Include="resultexpressionparser.cpp">
      <Filter>Source Files</Filter>
    </ClCompile>
    <ClCompile Include="resultfunctions.cpp">
      <Filter>Source Files</Filter>
    </ClCompile>
    <ClCompile Include="curvepointstracer.cpp">
      <Filter>Source Files</Filter>
    </ClCompile>
    <ClCompile Include="GeneratedFiles\Debug\moc_curvepointstracer.cpp">
      <Filter>Generated Files\Debug</Filter>
    </ClCompile>
    <ClCompile Include="GeneratedFiles\Release\moc_curvepointstracer.cpp">
      <Filter>Generated Files\Release</Filter>
    </ClCompile>
    <ClCompile Include="curve.cpp">
      <Filter>Source Files</Filter>
    </ClCompile>
    <ClCompile Include="GeneratedFiles\Debug\moc_curve.cpp">
      <Filter>Generated Files\Debug</Filter>
    </ClCompile>
    <ClCompile Include="GeneratedFiles\Release\moc_curve.cpp">
      <Filter>Generated Files\Release</Filter>
    </ClCompile>
    <ClCompile Include="showsettingdialog.cpp">
      <Filter>Source Files</Filter>
    </ClCompile>
    <ClCompile Include="GeneratedFiles\Debug\moc_showsettingdialog.cpp">
      <Filter>Generated Files\Debug</Filter>
    </ClCompile>
    <ClCompile Include="GeneratedFiles\Release\moc_showsettingdialog.cpp">
      <Filter>Generated Files\Release</Filter>
    </ClCompile>
    <ClCompile Include="curveconfigdialog.cpp">
      <Filter>Source Files</Filter>
    </ClCompile>
    <ClCompile Include="GeneratedFiles\Debug\moc_curveconfigdialog.cpp">
      <Filter>Generated Files\Debug</Filter>
    </ClCompile>
    <ClCompile Include="GeneratedFiles\Release\moc_curveconfigdialog.cpp">
      <Filter>Generated Files\Release</Filter>
    </ClCompile>
    <ClCompile Include="customplotviewsetting.cpp">
      <Filter>Source Files</Filter>
    </ClCompile>
    <ClCompile Include="curveeditwidget.cpp">
      <Filter>Source Files</Filter>
    </ClCompile>
    <ClCompile Include="lexercurve.cpp">
      <Filter>Source Files</Filter>
    </ClCompile>
    <ClCompile Include="addcurvethread.cpp">
      <Filter>Source Files</Filter>
    </ClCompile>
    <ClCompile Include="GeneratedFiles\Debug\moc_addcurvethread.cpp">
      <Filter>Generated Files\Debug</Filter>
    </ClCompile>
    <ClCompile Include="GeneratedFiles\Release\moc_addcurvethread.cpp">
      <Filter>Generated Files\Release</Filter>
    </ClCompile>
  </ItemGroup>
  <ItemGroup>
    <None Include="ClassDiagram1.cd" />
  </ItemGroup>
</Project>